// !$*UTF8*$!
{
	archiveVersion = 1;
	classes = {
	};
	objectVersion = 50;
	objects = {

/* Begin PBXBuildFile section */
		A9423AE42108547E00DF149C /* NetTool.m in Sources */ = {isa = PBXBuildFile; fileRef = A9423AE32108547E00DF149C /* NetTool.m */; };
		A9423AE52108547E00DF149C /* NetTool.m in Sources */ = {isa = PBXBuildFile; fileRef = A9423AE32108547E00DF149C /* NetTool.m */; };
		A9423AE82108663E00DF149C /* UIWindow+LastWindow.m in Sources */ = {isa = PBXBuildFile; fileRef = A9423AE72108663E00DF149C /* UIWindow+LastWindow.m */; };
		A9423AE92108663E00DF149C /* UIWindow+LastWindow.m in Sources */ = {isa = PBXBuildFile; fileRef = A9423AE72108663E00DF149C /* UIWindow+LastWindow.m */; };
		A9423AEC210870D500DF149C /* APIClient.m in Sources */ = {isa = PBXBuildFile; fileRef = A9423AEB210870D500DF149C /* APIClient.m */; };
		A9423AED210870D500DF149C /* APIClient.m in Sources */ = {isa = PBXBuildFile; fileRef = A9423AEB210870D500DF149C /* APIClient.m */; };
		A9423AF02108711C00DF149C /* NSString+Utils.m in Sources */ = {isa = PBXBuildFile; fileRef = A9423AEF2108711C00DF149C /* NSString+Utils.m */; };
		A9423AF12108711C00DF149C /* NSString+Utils.m in Sources */ = {isa = PBXBuildFile; fileRef = A9423AEF2108711C00DF149C /* NSString+Utils.m */; };
		A9423AF4210873FB00DF149C /* UIImageView+DrawCircleImage.m in Sources */ = {isa = PBXBuildFile; fileRef = A9423AF3210873FB00DF149C /* UIImageView+DrawCircleImage.m */; };
		A9423AF5210873FB00DF149C /* UIImageView+DrawCircleImage.m in Sources */ = {isa = PBXBuildFile; fileRef = A9423AF3210873FB00DF149C /* UIImageView+DrawCircleImage.m */; };
		A9423AFC210886AD00DF149C /* UIView+Draw.m in Sources */ = {isa = PBXBuildFile; fileRef = A9423AFB210886AC00DF149C /* UIView+Draw.m */; };
		A9423AFD210886AD00DF149C /* UIView+Draw.m in Sources */ = {isa = PBXBuildFile; fileRef = A9423AFB210886AC00DF149C /* UIView+Draw.m */; };
		A95E0A20211D740D00ABEFD7 /* HomeListScrollView.m in Sources */ = {isa = PBXBuildFile; fileRef = A95E0A1F211D740D00ABEFD7 /* HomeListScrollView.m */; };
		A95E0A21211D740D00ABEFD7 /* HomeListScrollView.m in Sources */ = {isa = PBXBuildFile; fileRef = A95E0A1F211D740D00ABEFD7 /* HomeListScrollView.m */; };
		A9966EF421217DC8006EBA44 /* PublishTravelTopView.m in Sources */ = {isa = PBXBuildFile; fileRef = A9966EF321217DC8006EBA44 /* PublishTravelTopView.m */; };
		A9966EF521217DC8006EBA44 /* PublishTravelTopView.m in Sources */ = {isa = PBXBuildFile; fileRef = A9966EF321217DC8006EBA44 /* PublishTravelTopView.m */; };
		A9966EF721217E0A006EBA44 /* PublishTravelTopView.xib in Resources */ = {isa = PBXBuildFile; fileRef = A9966EF621217E0A006EBA44 /* PublishTravelTopView.xib */; };
		A9966EF821217E0A006EBA44 /* PublishTravelTopView.xib in Resources */ = {isa = PBXBuildFile; fileRef = A9966EF621217E0A006EBA44 /* PublishTravelTopView.xib */; };
		A9966EFB21218117006EBA44 /* AddressCellView.m in Sources */ = {isa = PBXBuildFile; fileRef = A9966EFA21218117006EBA44 /* AddressCellView.m */; };
		A9966EFC21218117006EBA44 /* AddressCellView.m in Sources */ = {isa = PBXBuildFile; fileRef = A9966EFA21218117006EBA44 /* AddressCellView.m */; };
		A9966EFF21218B75006EBA44 /* PassengerPublishTravelViewController.m in Sources */ = {isa = PBXBuildFile; fileRef = A9966EFE21218B75006EBA44 /* PassengerPublishTravelViewController.m */; };
		A9966F0021218B75006EBA44 /* PassengerPublishTravelViewController.m in Sources */ = {isa = PBXBuildFile; fileRef = A9966EFE21218B75006EBA44 /* PassengerPublishTravelViewController.m */; };
		A9966F0221219659006EBA44 /* AddressCellView.xib in Resources */ = {isa = PBXBuildFile; fileRef = A9966F0121219659006EBA44 /* AddressCellView.xib */; };
		A9966F0321219659006EBA44 /* AddressCellView.xib in Resources */ = {isa = PBXBuildFile; fileRef = A9966F0121219659006EBA44 /* AddressCellView.xib */; };
		A99C9B8D2106FF3D00C3E9CF /* Main.storyboard in Resources */ = {isa = PBXBuildFile; fileRef = A99C9B8B2106FF3D00C3E9CF /* Main.storyboard */; };
		A99C9B8F2106FF3F00C3E9CF /* Assets.xcassets in Resources */ = {isa = PBXBuildFile; fileRef = A99C9B8E2106FF3F00C3E9CF /* Assets.xcassets */; };
		A99C9B922106FF3F00C3E9CF /* LaunchScreen.storyboard in Resources */ = {isa = PBXBuildFile; fileRef = A99C9B902106FF3F00C3E9CF /* LaunchScreen.storyboard */; };
		A99C9B952106FF3F00C3E9CF /* main.m in Sources */ = {isa = PBXBuildFile; fileRef = A99C9B942106FF3F00C3E9CF /* main.m */; };
		A99C9B9F2106FF3F00C3E9CF /* quchuxingTests.m in Sources */ = {isa = PBXBuildFile; fileRef = A99C9B9E2106FF3F00C3E9CF /* quchuxingTests.m */; };
		A99C9BC22107076A00C3E9CF /* AppDelegate.m in Sources */ = {isa = PBXBuildFile; fileRef = A99C9BBF2107076A00C3E9CF /* AppDelegate.m */; };
		A99C9BC82107087100C3E9CF /* AppDelegate+LaunchView.m in Sources */ = {isa = PBXBuildFile; fileRef = A99C9BC72107087100C3E9CF /* AppDelegate+LaunchView.m */; };
		A99C9BCB210708C300C3E9CF /* AppDelegate+Libs.m in Sources */ = {isa = PBXBuildFile; fileRef = A99C9BCA210708C300C3E9CF /* AppDelegate+Libs.m */; };
		A99C9BD42107097500C3E9CF /* AppDelegate.m in Sources */ = {isa = PBXBuildFile; fileRef = A99C9BD32107097500C3E9CF /* AppDelegate.m */; };
		A99C9BD72107097500C3E9CF /* ViewController.m in Sources */ = {isa = PBXBuildFile; fileRef = A99C9BD62107097500C3E9CF /* ViewController.m */; };
		A99C9BDA2107097500C3E9CF /* Main.storyboard in Resources */ = {isa = PBXBuildFile; fileRef = A99C9BD82107097500C3E9CF /* Main.storyboard */; };
		A99C9BDC2107097700C3E9CF /* Assets.xcassets in Resources */ = {isa = PBXBuildFile; fileRef = A99C9BDB2107097700C3E9CF /* Assets.xcassets */; };
		A99C9BDF2107097700C3E9CF /* LaunchScreen.storyboard in Resources */ = {isa = PBXBuildFile; fileRef = A99C9BDD2107097700C3E9CF /* LaunchScreen.storyboard */; };
		A99C9BE22107097700C3E9CF /* main.m in Sources */ = {isa = PBXBuildFile; fileRef = A99C9BE12107097700C3E9CF /* main.m */; };
		A99C9BEC2107097700C3E9CF /* quchuxing_debugTests.m in Sources */ = {isa = PBXBuildFile; fileRef = A99C9BEB2107097700C3E9CF /* quchuxing_debugTests.m */; };
		A99C9C052107856A00C3E9CF /* NSString+MD5.m in Sources */ = {isa = PBXBuildFile; fileRef = A99C9C042107856A00C3E9CF /* NSString+MD5.m */; };
		A99C9C062107856A00C3E9CF /* NSString+MD5.m in Sources */ = {isa = PBXBuildFile; fileRef = A99C9C042107856A00C3E9CF /* NSString+MD5.m */; };
		A99C9C0E2107876D00C3E9CF /* SignatureTool.m in Sources */ = {isa = PBXBuildFile; fileRef = A99C9C0C2107876D00C3E9CF /* SignatureTool.m */; };
		A99C9C0F2107876D00C3E9CF /* SignatureTool.m in Sources */ = {isa = PBXBuildFile; fileRef = A99C9C0C2107876D00C3E9CF /* SignatureTool.m */; };
		A99C9C1921078A0700C3E9CF /* NSDictionary+utils.m in Sources */ = {isa = PBXBuildFile; fileRef = A99C9C1821078A0700C3E9CF /* NSDictionary+utils.m */; };
		A99C9C1A21078A0700C3E9CF /* NSDictionary+utils.m in Sources */ = {isa = PBXBuildFile; fileRef = A99C9C1821078A0700C3E9CF /* NSDictionary+utils.m */; };
		A9B91C2D2108C99800CB2167 /* UIView+FrameLayout.m in Sources */ = {isa = PBXBuildFile; fileRef = A9B91C2C2108C99800CB2167 /* UIView+FrameLayout.m */; };
		A9B91C2E2108C99800CB2167 /* UIView+FrameLayout.m in Sources */ = {isa = PBXBuildFile; fileRef = A9B91C2C2108C99800CB2167 /* UIView+FrameLayout.m */; };
		A9BFF9FA2112A89C009898F0 /* DriverAndPassengerTableView.m in Sources */ = {isa = PBXBuildFile; fileRef = A9BFF9F92112A89C009898F0 /* DriverAndPassengerTableView.m */; };
		A9BFF9FB2112A89C009898F0 /* DriverAndPassengerTableView.m in Sources */ = {isa = PBXBuildFile; fileRef = A9BFF9F92112A89C009898F0 /* DriverAndPassengerTableView.m */; };
		A9BFF9FD2112D23B009898F0 /* qcxn.cer in Resources */ = {isa = PBXBuildFile; fileRef = A9BFF9FC2112D23B009898F0 /* qcxn.cer */; };
		A9BFF9FE2112D23B009898F0 /* qcxn.cer in Resources */ = {isa = PBXBuildFile; fileRef = A9BFF9FC2112D23B009898F0 /* qcxn.cer */; };
		A9BFFA012112DCC7009898F0 /* UserDefault.m in Sources */ = {isa = PBXBuildFile; fileRef = A9BFFA002112DCC7009898F0 /* UserDefault.m */; };
		A9BFFA022112DCC7009898F0 /* UserDefault.m in Sources */ = {isa = PBXBuildFile; fileRef = A9BFFA002112DCC7009898F0 /* UserDefault.m */; };
		A9BFFA052112E3D2009898F0 /* UserModel.m in Sources */ = {isa = PBXBuildFile; fileRef = A9BFFA042112E3D2009898F0 /* UserModel.m */; };
		A9BFFA062112E3D2009898F0 /* UserModel.m in Sources */ = {isa = PBXBuildFile; fileRef = A9BFFA042112E3D2009898F0 /* UserModel.m */; };
		A9BFFA092112E3F4009898F0 /* BaseModel.m in Sources */ = {isa = PBXBuildFile; fileRef = A9BFFA082112E3F4009898F0 /* BaseModel.m */; };
		A9BFFA0A2112E3F4009898F0 /* BaseModel.m in Sources */ = {isa = PBXBuildFile; fileRef = A9BFFA082112E3F4009898F0 /* BaseModel.m */; };
		A9BFFA0D2112EEEB009898F0 /* RegisterLoginViewController.m in Sources */ = {isa = PBXBuildFile; fileRef = A9BFFA0C2112EEEB009898F0 /* RegisterLoginViewController.m */; };
		A9BFFA0E2112EEEB009898F0 /* RegisterLoginViewController.m in Sources */ = {isa = PBXBuildFile; fileRef = A9BFFA0C2112EEEB009898F0 /* RegisterLoginViewController.m */; };
		A9BFFA1221130D03009898F0 /* LocationTableViewCell.m in Sources */ = {isa = PBXBuildFile; fileRef = A9BFFA1021130D03009898F0 /* LocationTableViewCell.m */; };
		A9BFFA1321130D03009898F0 /* LocationTableViewCell.m in Sources */ = {isa = PBXBuildFile; fileRef = A9BFFA1021130D03009898F0 /* LocationTableViewCell.m */; };
		A9BFFA1421130D03009898F0 /* LocationTableViewCell.xib in Resources */ = {isa = PBXBuildFile; fileRef = A9BFFA1121130D03009898F0 /* LocationTableViewCell.xib */; };
		A9BFFA1521130D03009898F0 /* LocationTableViewCell.xib in Resources */ = {isa = PBXBuildFile; fileRef = A9BFFA1121130D03009898F0 /* LocationTableViewCell.xib */; };
		A9BFFA182113FE89009898F0 /* RouteOrTripTableViewCell.m in Sources */ = {isa = PBXBuildFile; fileRef = A9BFFA172113FE89009898F0 /* RouteOrTripTableViewCell.m */; };
		A9BFFA192113FE89009898F0 /* RouteOrTripTableViewCell.m in Sources */ = {isa = PBXBuildFile; fileRef = A9BFFA172113FE89009898F0 /* RouteOrTripTableViewCell.m */; };
		A9BFFA1B2113FEB8009898F0 /* WithoutLoginRouteTableViewCell.xib in Resources */ = {isa = PBXBuildFile; fileRef = A9BFFA1A2113FEB8009898F0 /* WithoutLoginRouteTableViewCell.xib */; };
		A9BFFA1C2113FEB8009898F0 /* WithoutLoginRouteTableViewCell.xib in Resources */ = {isa = PBXBuildFile; fileRef = A9BFFA1A2113FEB8009898F0 /* WithoutLoginRouteTableViewCell.xib */; };
		A9BFFA212113FF45009898F0 /* TripRouteTableViewCell.xib in Resources */ = {isa = PBXBuildFile; fileRef = A9BFFA202113FF45009898F0 /* TripRouteTableViewCell.xib */; };
		A9BFFA222113FF45009898F0 /* TripRouteTableViewCell.xib in Resources */ = {isa = PBXBuildFile; fileRef = A9BFFA202113FF45009898F0 /* TripRouteTableViewCell.xib */; };
		A9BFFA2521155CC3009898F0 /* UnregisteredDriverView.m in Sources */ = {isa = PBXBuildFile; fileRef = A9BFFA2421155CC3009898F0 /* UnregisteredDriverView.m */; };
		A9BFFA2621155CC3009898F0 /* UnregisteredDriverView.m in Sources */ = {isa = PBXBuildFile; fileRef = A9BFFA2421155CC3009898F0 /* UnregisteredDriverView.m */; };
		A9BFFA2821155CE0009898F0 /* UnregisteredDriverView.xib in Resources */ = {isa = PBXBuildFile; fileRef = A9BFFA2721155CE0009898F0 /* UnregisteredDriverView.xib */; };
		A9BFFA2921155CE0009898F0 /* UnregisteredDriverView.xib in Resources */ = {isa = PBXBuildFile; fileRef = A9BFFA2721155CE0009898F0 /* UnregisteredDriverView.xib */; };
		A9BFFA3221181357009898F0 /* img_chezhurenzheng@3x.png in Resources */ = {isa = PBXBuildFile; fileRef = A9BFFA3021181357009898F0 /* img_chezhurenzheng@3x.png */; };
		A9BFFA3321181357009898F0 /* img_chezhurenzheng@3x.png in Resources */ = {isa = PBXBuildFile; fileRef = A9BFFA3021181357009898F0 /* img_chezhurenzheng@3x.png */; };
		A9BFFA3421181357009898F0 /* img_chezhurenzheng@2x.png in Resources */ = {isa = PBXBuildFile; fileRef = A9BFFA3121181357009898F0 /* img_chezhurenzheng@2x.png */; };
		A9BFFA3521181357009898F0 /* img_chezhurenzheng@2x.png in Resources */ = {isa = PBXBuildFile; fileRef = A9BFFA3121181357009898F0 /* img_chezhurenzheng@2x.png */; };
		A9BFFA3C211854DB009898F0 /* TravelModel.m in Sources */ = {isa = PBXBuildFile; fileRef = A9BFFA3B211854DB009898F0 /* TravelModel.m */; };
		A9BFFA3D211854DB009898F0 /* TravelModel.m in Sources */ = {isa = PBXBuildFile; fileRef = A9BFFA3B211854DB009898F0 /* TravelModel.m */; };
		A9BFFA40211857BA009898F0 /* RouteModel.m in Sources */ = {isa = PBXBuildFile; fileRef = A9BFFA3F211857BA009898F0 /* RouteModel.m */; };
		A9BFFA41211857BA009898F0 /* RouteModel.m in Sources */ = {isa = PBXBuildFile; fileRef = A9BFFA3F211857BA009898F0 /* RouteModel.m */; };
		A9BFFA4C21197C2D009898F0 /* HomeListViewModel.m in Sources */ = {isa = PBXBuildFile; fileRef = A9BFFA4B21197C2D009898F0 /* HomeListViewModel.m */; };
		A9BFFA4D21197C2D009898F0 /* HomeListViewModel.m in Sources */ = {isa = PBXBuildFile; fileRef = A9BFFA4B21197C2D009898F0 /* HomeListViewModel.m */; };
		A9BFFA54211980C8009898F0 /* MessageViewController.m in Sources */ = {isa = PBXBuildFile; fileRef = A9BFFA53211980C8009898F0 /* MessageViewController.m */; };
		A9BFFA55211980C8009898F0 /* MessageViewController.m in Sources */ = {isa = PBXBuildFile; fileRef = A9BFFA53211980C8009898F0 /* MessageViewController.m */; };
		A9BFFA58211980D5009898F0 /* DiscoverViewController.m in Sources */ = {isa = PBXBuildFile; fileRef = A9BFFA56211980D5009898F0 /* DiscoverViewController.m */; };
		A9BFFA59211980D5009898F0 /* DiscoverViewController.m in Sources */ = {isa = PBXBuildFile; fileRef = A9BFFA56211980D5009898F0 /* DiscoverViewController.m */; };
		A9BFFA5C211980E2009898F0 /* UserCenterViewController.m in Sources */ = {isa = PBXBuildFile; fileRef = A9BFFA5A211980E2009898F0 /* UserCenterViewController.m */; };
		A9BFFA5D211980E2009898F0 /* UserCenterViewController.m in Sources */ = {isa = PBXBuildFile; fileRef = A9BFFA5A211980E2009898F0 /* UserCenterViewController.m */; };
		A9BFFA60211980F0009898F0 /* AttentionViewController.m in Sources */ = {isa = PBXBuildFile; fileRef = A9BFFA5F211980F0009898F0 /* AttentionViewController.m */; };
		A9BFFA61211980F0009898F0 /* AttentionViewController.m in Sources */ = {isa = PBXBuildFile; fileRef = A9BFFA5F211980F0009898F0 /* AttentionViewController.m */; };
		A9BFFA68211ADEDB009898F0 /* HomeTopView.m in Sources */ = {isa = PBXBuildFile; fileRef = A9BFFA67211ADEDB009898F0 /* HomeTopView.m */; };
		A9BFFA69211ADEDB009898F0 /* HomeTopView.m in Sources */ = {isa = PBXBuildFile; fileRef = A9BFFA67211ADEDB009898F0 /* HomeTopView.m */; };
		A9BFFA6B211AE13E009898F0 /* UnLoginHomeTopView.xib in Resources */ = {isa = PBXBuildFile; fileRef = A9BFFA6A211AE13E009898F0 /* UnLoginHomeTopView.xib */; };
		A9BFFA6C211AE13E009898F0 /* UnLoginHomeTopView.xib in Resources */ = {isa = PBXBuildFile; fileRef = A9BFFA6A211AE13E009898F0 /* UnLoginHomeTopView.xib */; };
		A9BFFA6E211AE152009898F0 /* LoginHomeTopView.xib in Resources */ = {isa = PBXBuildFile; fileRef = A9BFFA6D211AE152009898F0 /* LoginHomeTopView.xib */; };
		A9BFFA6F211AE152009898F0 /* LoginHomeTopView.xib in Resources */ = {isa = PBXBuildFile; fileRef = A9BFFA6D211AE152009898F0 /* LoginHomeTopView.xib */; };
		A9C56BFD2109A3110009525A /* IntroView.m in Sources */ = {isa = PBXBuildFile; fileRef = A9C56BFC2109A3110009525A /* IntroView.m */; };
		A9C56BFE2109A3110009525A /* IntroView.m in Sources */ = {isa = PBXBuildFile; fileRef = A9C56BFC2109A3110009525A /* IntroView.m */; };
		A9C56C032109B7B20009525A /* LastIntroView.xib in Resources */ = {isa = PBXBuildFile; fileRef = A9C56C022109B7B20009525A /* LastIntroView.xib */; };
		A9C56C042109B7B20009525A /* LastIntroView.xib in Resources */ = {isa = PBXBuildFile; fileRef = A9C56C022109B7B20009525A /* LastIntroView.xib */; };
		A9C56C072109C0620009525A /* LastIntroView.m in Sources */ = {isa = PBXBuildFile; fileRef = A9C56C062109C0620009525A /* LastIntroView.m */; };
		A9C56C082109C0620009525A /* LastIntroView.m in Sources */ = {isa = PBXBuildFile; fileRef = A9C56C062109C0620009525A /* LastIntroView.m */; };
		A9C56C0A210A23F60009525A /* test.png in Resources */ = {isa = PBXBuildFile; fileRef = A9C56C09210A23F60009525A /* test.png */; };
		A9C56C0B210A23F60009525A /* test.png in Resources */ = {isa = PBXBuildFile; fileRef = A9C56C09210A23F60009525A /* test.png */; };
		A9C56C0E210AC7BB0009525A /* TabBarViewController.m in Sources */ = {isa = PBXBuildFile; fileRef = A9C56C0D210AC7BB0009525A /* TabBarViewController.m */; };
		A9C56C0F210AC7BB0009525A /* TabBarViewController.m in Sources */ = {isa = PBXBuildFile; fileRef = A9C56C0D210AC7BB0009525A /* TabBarViewController.m */; };
		A9C56C12210ACF710009525A /* BaseViewController.m in Sources */ = {isa = PBXBuildFile; fileRef = A9C56C11210ACF710009525A /* BaseViewController.m */; };
		A9C56C13210ACF710009525A /* BaseViewController.m in Sources */ = {isa = PBXBuildFile; fileRef = A9C56C11210ACF710009525A /* BaseViewController.m */; };
		A9C56C16210B151B0009525A /* UIView+AutoLayout.m in Sources */ = {isa = PBXBuildFile; fileRef = A9C56C15210B151B0009525A /* UIView+AutoLayout.m */; };
		A9C56C17210B151B0009525A /* UIView+AutoLayout.m in Sources */ = {isa = PBXBuildFile; fileRef = A9C56C15210B151B0009525A /* UIView+AutoLayout.m */; };
		A9C56C1A210CE3100009525A /* UIImage+Utils.m in Sources */ = {isa = PBXBuildFile; fileRef = A9C56C19210CE3100009525A /* UIImage+Utils.m */; };
		A9C56C1B210CE3100009525A /* UIImage+Utils.m in Sources */ = {isa = PBXBuildFile; fileRef = A9C56C19210CE3100009525A /* UIImage+Utils.m */; };
		A9C56C1E210DC1B30009525A /* HomeViewController.m in Sources */ = {isa = PBXBuildFile; fileRef = A9C56C1D210DC1B30009525A /* HomeViewController.m */; };
		A9C56C1F210DC1B30009525A /* HomeViewController.m in Sources */ = {isa = PBXBuildFile; fileRef = A9C56C1D210DC1B30009525A /* HomeViewController.m */; };
		A9C56C4B210F04ED0009525A /* NavItemCustomView.m in Sources */ = {isa = PBXBuildFile; fileRef = A9C56C4A210F04ED0009525A /* NavItemCustomView.m */; };
		A9C56C50210F22C70009525A /* SelectBarView.m in Sources */ = {isa = PBXBuildFile; fileRef = A9C56C4F210F22C70009525A /* SelectBarView.m */; };
		A9C56C51210F22C70009525A /* SelectBarView.m in Sources */ = {isa = PBXBuildFile; fileRef = A9C56C4F210F22C70009525A /* SelectBarView.m */; };
		A9C56C5421105F0F0009525A /* AMapLocationTool.m in Sources */ = {isa = PBXBuildFile; fileRef = A9C56C5321105F0F0009525A /* AMapLocationTool.m */; };
		A9C56C5521105F0F0009525A /* AMapLocationTool.m in Sources */ = {isa = PBXBuildFile; fileRef = A9C56C5321105F0F0009525A /* AMapLocationTool.m */; };
		A9C56C5821106F5C0009525A /* LoginView.m in Sources */ = {isa = PBXBuildFile; fileRef = A9C56C5721106F5C0009525A /* LoginView.m */; };
		A9C56C5921106F5C0009525A /* LoginView.m in Sources */ = {isa = PBXBuildFile; fileRef = A9C56C5721106F5C0009525A /* LoginView.m */; };
		A9C56C5C2110762E0009525A /* LimitInputLength.m in Sources */ = {isa = PBXBuildFile; fileRef = A9C56C5A2110762E0009525A /* LimitInputLength.m */; };
		A9C56C5D2110762E0009525A /* LimitInputLength.m in Sources */ = {isa = PBXBuildFile; fileRef = A9C56C5A2110762E0009525A /* LimitInputLength.m */; };
		A9C56C5F2110769C0009525A /* LoginView.xib in Resources */ = {isa = PBXBuildFile; fileRef = A9C56C5E2110769C0009525A /* LoginView.xib */; };
		A9C56C602110769C0009525A /* LoginView.xib in Resources */ = {isa = PBXBuildFile; fileRef = A9C56C5E2110769C0009525A /* LoginView.xib */; };
		A9C56C632111581E0009525A /* AlertView.m in Sources */ = {isa = PBXBuildFile; fileRef = A9C56C612111581D0009525A /* AlertView.m */; };
		A9C56C642111581E0009525A /* AlertView.m in Sources */ = {isa = PBXBuildFile; fileRef = A9C56C612111581D0009525A /* AlertView.m */; };
		A9EDAE3F212421F20047472A /* MyCity.m in Sources */ = {isa = PBXBuildFile; fileRef = A9EDAE39212421EB0047472A /* MyCity.m */; };
		A9EDAE40212421F20047472A /* MyCity.m in Sources */ = {isa = PBXBuildFile; fileRef = A9EDAE39212421EB0047472A /* MyCity.m */; };
		A9EDAE41212421F20047472A /* MyRecordManager.m in Sources */ = {isa = PBXBuildFile; fileRef = A9EDAE3A212421EF0047472A /* MyRecordManager.m */; };
		A9EDAE42212421F20047472A /* MyRecordManager.m in Sources */ = {isa = PBXBuildFile; fileRef = A9EDAE3A212421EF0047472A /* MyRecordManager.m */; };
		A9EDAE43212421F20047472A /* MyLocation.m in Sources */ = {isa = PBXBuildFile; fileRef = A9EDAE3D212421F10047472A /* MyLocation.m */; };
		A9EDAE44212421F20047472A /* MyLocation.m in Sources */ = {isa = PBXBuildFile; fileRef = A9EDAE3D212421F10047472A /* MyLocation.m */; };
		A9EDAE4A212422430047472A /* MySearchResultView.m in Sources */ = {isa = PBXBuildFile; fileRef = A9EDAE45212422410047472A /* MySearchResultView.m */; };
		A9EDAE4B212422430047472A /* MySearchResultView.m in Sources */ = {isa = PBXBuildFile; fileRef = A9EDAE45212422410047472A /* MySearchResultView.m */; };
		A9EDAE4C212422430047472A /* MyLocationHeaderCell.m in Sources */ = {isa = PBXBuildFile; fileRef = A9EDAE46212422420047472A /* MyLocationHeaderCell.m */; };
		A9EDAE4D212422430047472A /* MyLocationHeaderCell.m in Sources */ = {isa = PBXBuildFile; fileRef = A9EDAE46212422420047472A /* MyLocationHeaderCell.m */; };
		A9EDAE4E212422430047472A /* MyLocationHeaderCell.xib in Resources */ = {isa = PBXBuildFile; fileRef = A9EDAE48212422430047472A /* MyLocationHeaderCell.xib */; };
		A9EDAE4F212422430047472A /* MyLocationHeaderCell.xib in Resources */ = {isa = PBXBuildFile; fileRef = A9EDAE48212422430047472A /* MyLocationHeaderCell.xib */; };
		A9EDAE52212C12390047472A /* ArrountPoiView.m in Sources */ = {isa = PBXBuildFile; fileRef = A9EDAE51212C12390047472A /* ArrountPoiView.m */; };
		A9EDAE53212C12390047472A /* ArrountPoiView.m in Sources */ = {isa = PBXBuildFile; fileRef = A9EDAE51212C12390047472A /* ArrountPoiView.m */; };
		A9EDAE55212C12FF0047472A /* ArrountPoiView.xib in Resources */ = {isa = PBXBuildFile; fileRef = A9EDAE54212C12FF0047472A /* ArrountPoiView.xib */; };
		A9EDAE56212C12FF0047472A /* ArrountPoiView.xib in Resources */ = {isa = PBXBuildFile; fileRef = A9EDAE54212C12FF0047472A /* ArrountPoiView.xib */; };
		A9EDAE5A212C19650047472A /* PoiTableViewCell.m in Sources */ = {isa = PBXBuildFile; fileRef = A9EDAE58212C19650047472A /* PoiTableViewCell.m */; };
		A9EDAE5B212C19650047472A /* PoiTableViewCell.m in Sources */ = {isa = PBXBuildFile; fileRef = A9EDAE58212C19650047472A /* PoiTableViewCell.m */; };
		A9EDAE5C212C19650047472A /* PoiTableViewCell.xib in Resources */ = {isa = PBXBuildFile; fileRef = A9EDAE59212C19650047472A /* PoiTableViewCell.xib */; };
		A9EDAE5D212C19650047472A /* PoiTableViewCell.xib in Resources */ = {isa = PBXBuildFile; fileRef = A9EDAE59212C19650047472A /* PoiTableViewCell.xib */; };
		CD007984115E1FDD13A73426 /* libPods-quchuxing.a in Frameworks */ = {isa = PBXBuildFile; fileRef = 79139E3C939EBCAFAFF27459 /* libPods-quchuxing.a */; };
/* End PBXBuildFile section */

/* Begin PBXContainerItemProxy section */
		A99C9B9B2106FF3F00C3E9CF /* PBXContainerItemProxy */ = {
			isa = PBXContainerItemProxy;
			containerPortal = A99C9B7A2106FF3D00C3E9CF /* Project object */;
			proxyType = 1;
			remoteGlobalIDString = A99C9B812106FF3D00C3E9CF;
			remoteInfo = quchuxing;
		};
		A99C9BE82107097700C3E9CF /* PBXContainerItemProxy */ = {
			isa = PBXContainerItemProxy;
			containerPortal = A99C9B7A2106FF3D00C3E9CF /* Project object */;
			proxyType = 1;
			remoteGlobalIDString = A99C9BCF2107097500C3E9CF;
			remoteInfo = quchuxing_debug;
		};
/* End PBXContainerItemProxy section */

/* Begin PBXFileReference section */
		79139E3C939EBCAFAFF27459 /* libPods-quchuxing.a */ = {isa = PBXFileReference; explicitFileType = archive.ar; includeInIndex = 0; path = "libPods-quchuxing.a"; sourceTree = BUILT_PRODUCTS_DIR; };
		8C296735412A912A2E6E897F /* Pods-quchuxing.release.xcconfig */ = {isa = PBXFileReference; includeInIndex = 1; lastKnownFileType = text.xcconfig; name = "Pods-quchuxing.release.xcconfig"; path = "Pods/Target Support Files/Pods-quchuxing/Pods-quchuxing.release.xcconfig"; sourceTree = "<group>"; };
		A9423AE22108547E00DF149C /* NetTool.h */ = {isa = PBXFileReference; lastKnownFileType = sourcecode.c.h; path = NetTool.h; sourceTree = "<group>"; };
		A9423AE32108547E00DF149C /* NetTool.m */ = {isa = PBXFileReference; lastKnownFileType = sourcecode.c.objc; path = NetTool.m; sourceTree = "<group>"; };
		A9423AE62108663E00DF149C /* UIWindow+LastWindow.h */ = {isa = PBXFileReference; lastKnownFileType = sourcecode.c.h; path = "UIWindow+LastWindow.h"; sourceTree = "<group>"; };
		A9423AE72108663E00DF149C /* UIWindow+LastWindow.m */ = {isa = PBXFileReference; lastKnownFileType = sourcecode.c.objc; path = "UIWindow+LastWindow.m"; sourceTree = "<group>"; };
		A9423AEA210870D500DF149C /* APIClient.h */ = {isa = PBXFileReference; lastKnownFileType = sourcecode.c.h; path = APIClient.h; sourceTree = "<group>"; };
		A9423AEB210870D500DF149C /* APIClient.m */ = {isa = PBXFileReference; lastKnownFileType = sourcecode.c.objc; path = APIClient.m; sourceTree = "<group>"; };
		A9423AEE2108711C00DF149C /* NSString+Utils.h */ = {isa = PBXFileReference; lastKnownFileType = sourcecode.c.h; path = "NSString+Utils.h"; sourceTree = "<group>"; };
		A9423AEF2108711C00DF149C /* NSString+Utils.m */ = {isa = PBXFileReference; lastKnownFileType = sourcecode.c.objc; path = "NSString+Utils.m"; sourceTree = "<group>"; };
		A9423AF2210873FB00DF149C /* UIImageView+DrawCircleImage.h */ = {isa = PBXFileReference; lastKnownFileType = sourcecode.c.h; path = "UIImageView+DrawCircleImage.h"; sourceTree = "<group>"; };
		A9423AF3210873FB00DF149C /* UIImageView+DrawCircleImage.m */ = {isa = PBXFileReference; lastKnownFileType = sourcecode.c.objc; path = "UIImageView+DrawCircleImage.m"; sourceTree = "<group>"; };
		A9423AFA210886AC00DF149C /* UIView+Draw.h */ = {isa = PBXFileReference; lastKnownFileType = sourcecode.c.h; path = "UIView+Draw.h"; sourceTree = "<group>"; };
		A9423AFB210886AC00DF149C /* UIView+Draw.m */ = {isa = PBXFileReference; lastKnownFileType = sourcecode.c.objc; path = "UIView+Draw.m"; sourceTree = "<group>"; };
		A95E0A1E211D740D00ABEFD7 /* HomeListScrollView.h */ = {isa = PBXFileReference; lastKnownFileType = sourcecode.c.h; path = HomeListScrollView.h; sourceTree = "<group>"; };
		A95E0A1F211D740D00ABEFD7 /* HomeListScrollView.m */ = {isa = PBXFileReference; lastKnownFileType = sourcecode.c.objc; path = HomeListScrollView.m; sourceTree = "<group>"; };
		A9966EF221217DC8006EBA44 /* PublishTravelTopView.h */ = {isa = PBXFileReference; lastKnownFileType = sourcecode.c.h; path = PublishTravelTopView.h; sourceTree = "<group>"; };
		A9966EF321217DC8006EBA44 /* PublishTravelTopView.m */ = {isa = PBXFileReference; lastKnownFileType = sourcecode.c.objc; path = PublishTravelTopView.m; sourceTree = "<group>"; };
		A9966EF621217E0A006EBA44 /* PublishTravelTopView.xib */ = {isa = PBXFileReference; lastKnownFileType = file.xib; path = PublishTravelTopView.xib; sourceTree = "<group>"; };
		A9966EF921218117006EBA44 /* AddressCellView.h */ = {isa = PBXFileReference; lastKnownFileType = sourcecode.c.h; path = AddressCellView.h; sourceTree = "<group>"; };
		A9966EFA21218117006EBA44 /* AddressCellView.m */ = {isa = PBXFileReference; lastKnownFileType = sourcecode.c.objc; path = AddressCellView.m; sourceTree = "<group>"; };
		A9966EFD21218B75006EBA44 /* PassengerPublishTravelViewController.h */ = {isa = PBXFileReference; lastKnownFileType = sourcecode.c.h; path = PassengerPublishTravelViewController.h; sourceTree = "<group>"; };
		A9966EFE21218B75006EBA44 /* PassengerPublishTravelViewController.m */ = {isa = PBXFileReference; lastKnownFileType = sourcecode.c.objc; path = PassengerPublishTravelViewController.m; sourceTree = "<group>"; };
		A9966F0121219659006EBA44 /* AddressCellView.xib */ = {isa = PBXFileReference; lastKnownFileType = file.xib; path = AddressCellView.xib; sourceTree = "<group>"; };
		A99C9B822106FF3D00C3E9CF /* quchuxing.app */ = {isa = PBXFileReference; explicitFileType = wrapper.application; includeInIndex = 0; path = quchuxing.app; sourceTree = BUILT_PRODUCTS_DIR; };
		A99C9B8C2106FF3D00C3E9CF /* Base */ = {isa = PBXFileReference; lastKnownFileType = file.storyboard; name = Base; path = Base.lproj/Main.storyboard; sourceTree = "<group>"; };
		A99C9B8E2106FF3F00C3E9CF /* Assets.xcassets */ = {isa = PBXFileReference; lastKnownFileType = folder.assetcatalog; path = Assets.xcassets; sourceTree = "<group>"; };
		A99C9B912106FF3F00C3E9CF /* Base */ = {isa = PBXFileReference; lastKnownFileType = file.storyboard; name = Base; path = Base.lproj/LaunchScreen.storyboard; sourceTree = "<group>"; };
		A99C9B932106FF3F00C3E9CF /* Info.plist */ = {isa = PBXFileReference; lastKnownFileType = text.plist.xml; path = Info.plist; sourceTree = "<group>"; };
		A99C9B942106FF3F00C3E9CF /* main.m */ = {isa = PBXFileReference; lastKnownFileType = sourcecode.c.objc; path = main.m; sourceTree = "<group>"; };
		A99C9B9A2106FF3F00C3E9CF /* quchuxingTests.xctest */ = {isa = PBXFileReference; explicitFileType = wrapper.cfbundle; includeInIndex = 0; path = quchuxingTests.xctest; sourceTree = BUILT_PRODUCTS_DIR; };
		A99C9B9E2106FF3F00C3E9CF /* quchuxingTests.m */ = {isa = PBXFileReference; lastKnownFileType = sourcecode.c.objc; path = quchuxingTests.m; sourceTree = "<group>"; };
		A99C9BA02106FF3F00C3E9CF /* Info.plist */ = {isa = PBXFileReference; lastKnownFileType = text.plist.xml; path = Info.plist; sourceTree = "<group>"; };
		A99C9BBE2107076A00C3E9CF /* AppDelegate.h */ = {isa = PBXFileReference; fileEncoding = 4; lastKnownFileType = sourcecode.c.h; path = AppDelegate.h; sourceTree = "<group>"; };
		A99C9BBF2107076A00C3E9CF /* AppDelegate.m */ = {isa = PBXFileReference; fileEncoding = 4; lastKnownFileType = sourcecode.c.objc; path = AppDelegate.m; sourceTree = "<group>"; };
		A99C9BC62107087100C3E9CF /* AppDelegate+LaunchView.h */ = {isa = PBXFileReference; lastKnownFileType = sourcecode.c.h; path = "AppDelegate+LaunchView.h"; sourceTree = "<group>"; };
		A99C9BC72107087100C3E9CF /* AppDelegate+LaunchView.m */ = {isa = PBXFileReference; lastKnownFileType = sourcecode.c.objc; path = "AppDelegate+LaunchView.m"; sourceTree = "<group>"; };
		A99C9BC9210708C300C3E9CF /* AppDelegate+Libs.h */ = {isa = PBXFileReference; lastKnownFileType = sourcecode.c.h; path = "AppDelegate+Libs.h"; sourceTree = "<group>"; };
		A99C9BCA210708C300C3E9CF /* AppDelegate+Libs.m */ = {isa = PBXFileReference; lastKnownFileType = sourcecode.c.objc; path = "AppDelegate+Libs.m"; sourceTree = "<group>"; };
		A99C9BD02107097500C3E9CF /* quchuxing_debug.app */ = {isa = PBXFileReference; explicitFileType = wrapper.application; includeInIndex = 0; path = quchuxing_debug.app; sourceTree = BUILT_PRODUCTS_DIR; };
		A99C9BD22107097500C3E9CF /* AppDelegate.h */ = {isa = PBXFileReference; lastKnownFileType = sourcecode.c.h; path = AppDelegate.h; sourceTree = "<group>"; };
		A99C9BD32107097500C3E9CF /* AppDelegate.m */ = {isa = PBXFileReference; lastKnownFileType = sourcecode.c.objc; path = AppDelegate.m; sourceTree = "<group>"; };
		A99C9BD52107097500C3E9CF /* ViewController.h */ = {isa = PBXFileReference; lastKnownFileType = sourcecode.c.h; path = ViewController.h; sourceTree = "<group>"; };
		A99C9BD62107097500C3E9CF /* ViewController.m */ = {isa = PBXFileReference; lastKnownFileType = sourcecode.c.objc; path = ViewController.m; sourceTree = "<group>"; };
		A99C9BD92107097500C3E9CF /* Base */ = {isa = PBXFileReference; lastKnownFileType = file.storyboard; name = Base; path = Base.lproj/Main.storyboard; sourceTree = "<group>"; };
		A99C9BDB2107097700C3E9CF /* Assets.xcassets */ = {isa = PBXFileReference; lastKnownFileType = folder.assetcatalog; path = Assets.xcassets; sourceTree = "<group>"; };
		A99C9BDE2107097700C3E9CF /* Base */ = {isa = PBXFileReference; lastKnownFileType = file.storyboard; name = Base; path = Base.lproj/LaunchScreen.storyboard; sourceTree = "<group>"; };
		A99C9BE02107097700C3E9CF /* Info.plist */ = {isa = PBXFileReference; lastKnownFileType = text.plist.xml; path = Info.plist; sourceTree = "<group>"; };
		A99C9BE12107097700C3E9CF /* main.m */ = {isa = PBXFileReference; lastKnownFileType = sourcecode.c.objc; path = main.m; sourceTree = "<group>"; };
		A99C9BE72107097700C3E9CF /* quchuxing_debugTests.xctest */ = {isa = PBXFileReference; explicitFileType = wrapper.cfbundle; includeInIndex = 0; path = quchuxing_debugTests.xctest; sourceTree = BUILT_PRODUCTS_DIR; };
		A99C9BEB2107097700C3E9CF /* quchuxing_debugTests.m */ = {isa = PBXFileReference; lastKnownFileType = sourcecode.c.objc; path = quchuxing_debugTests.m; sourceTree = "<group>"; };
		A99C9BED2107097700C3E9CF /* Info.plist */ = {isa = PBXFileReference; lastKnownFileType = text.plist.xml; path = Info.plist; sourceTree = "<group>"; };
		A99C9BF721072D2700C3E9CF /* Urls.h */ = {isa = PBXFileReference; lastKnownFileType = sourcecode.c.h; path = Urls.h; sourceTree = "<group>"; };
		A99C9BFD2107380700C3E9CF /* Prefix.h */ = {isa = PBXFileReference; fileEncoding = 4; lastKnownFileType = sourcecode.c.h; path = Prefix.h; sourceTree = "<group>"; };
		A99C9BFE2107382D00C3E9CF /* Notifications.h */ = {isa = PBXFileReference; fileEncoding = 4; lastKnownFileType = sourcecode.c.h; path = Notifications.h; sourceTree = "<group>"; };
		A99C9C012107387100C3E9CF /* Enums.h */ = {isa = PBXFileReference; fileEncoding = 4; lastKnownFileType = sourcecode.c.h; path = Enums.h; sourceTree = "<group>"; };
		A99C9C032107856A00C3E9CF /* NSString+MD5.h */ = {isa = PBXFileReference; lastKnownFileType = sourcecode.c.h; path = "NSString+MD5.h"; sourceTree = "<group>"; };
		A99C9C042107856A00C3E9CF /* NSString+MD5.m */ = {isa = PBXFileReference; lastKnownFileType = sourcecode.c.objc; path = "NSString+MD5.m"; sourceTree = "<group>"; };
		A99C9C0C2107876D00C3E9CF /* SignatureTool.m */ = {isa = PBXFileReference; fileEncoding = 4; lastKnownFileType = sourcecode.c.objc; path = SignatureTool.m; sourceTree = "<group>"; };
		A99C9C0D2107876D00C3E9CF /* SignatureTool.h */ = {isa = PBXFileReference; fileEncoding = 4; lastKnownFileType = sourcecode.c.h; path = SignatureTool.h; sourceTree = "<group>"; };
		A99C9C1721078A0700C3E9CF /* NSDictionary+utils.h */ = {isa = PBXFileReference; fileEncoding = 4; lastKnownFileType = sourcecode.c.h; path = "NSDictionary+utils.h"; sourceTree = "<group>"; };
		A99C9C1821078A0700C3E9CF /* NSDictionary+utils.m */ = {isa = PBXFileReference; fileEncoding = 4; lastKnownFileType = sourcecode.c.objc; path = "NSDictionary+utils.m"; sourceTree = "<group>"; };
		A9B91C2B2108C99800CB2167 /* UIView+FrameLayout.h */ = {isa = PBXFileReference; lastKnownFileType = sourcecode.c.h; path = "UIView+FrameLayout.h"; sourceTree = "<group>"; };
		A9B91C2C2108C99800CB2167 /* UIView+FrameLayout.m */ = {isa = PBXFileReference; lastKnownFileType = sourcecode.c.objc; path = "UIView+FrameLayout.m"; sourceTree = "<group>"; };
		A9BFF9F82112A89C009898F0 /* DriverAndPassengerTableView.h */ = {isa = PBXFileReference; lastKnownFileType = sourcecode.c.h; path = DriverAndPassengerTableView.h; sourceTree = "<group>"; };
		A9BFF9F92112A89C009898F0 /* DriverAndPassengerTableView.m */ = {isa = PBXFileReference; lastKnownFileType = sourcecode.c.objc; path = DriverAndPassengerTableView.m; sourceTree = "<group>"; };
		A9BFF9FC2112D23B009898F0 /* qcxn.cer */ = {isa = PBXFileReference; lastKnownFileType = file; path = qcxn.cer; sourceTree = "<group>"; };
		A9BFF9FF2112DCC7009898F0 /* UserDefault.h */ = {isa = PBXFileReference; lastKnownFileType = sourcecode.c.h; path = UserDefault.h; sourceTree = "<group>"; };
		A9BFFA002112DCC7009898F0 /* UserDefault.m */ = {isa = PBXFileReference; lastKnownFileType = sourcecode.c.objc; path = UserDefault.m; sourceTree = "<group>"; };
		A9BFFA032112E3D2009898F0 /* UserModel.h */ = {isa = PBXFileReference; lastKnownFileType = sourcecode.c.h; path = UserModel.h; sourceTree = "<group>"; };
		A9BFFA042112E3D2009898F0 /* UserModel.m */ = {isa = PBXFileReference; lastKnownFileType = sourcecode.c.objc; path = UserModel.m; sourceTree = "<group>"; };
		A9BFFA072112E3F4009898F0 /* BaseModel.h */ = {isa = PBXFileReference; lastKnownFileType = sourcecode.c.h; path = BaseModel.h; sourceTree = "<group>"; };
		A9BFFA082112E3F4009898F0 /* BaseModel.m */ = {isa = PBXFileReference; lastKnownFileType = sourcecode.c.objc; path = BaseModel.m; sourceTree = "<group>"; };
		A9BFFA0B2112EEEB009898F0 /* RegisterLoginViewController.h */ = {isa = PBXFileReference; lastKnownFileType = sourcecode.c.h; path = RegisterLoginViewController.h; sourceTree = "<group>"; };
		A9BFFA0C2112EEEB009898F0 /* RegisterLoginViewController.m */ = {isa = PBXFileReference; lastKnownFileType = sourcecode.c.objc; path = RegisterLoginViewController.m; sourceTree = "<group>"; };
		A9BFFA0F21130D03009898F0 /* LocationTableViewCell.h */ = {isa = PBXFileReference; lastKnownFileType = sourcecode.c.h; path = LocationTableViewCell.h; sourceTree = "<group>"; };
		A9BFFA1021130D03009898F0 /* LocationTableViewCell.m */ = {isa = PBXFileReference; lastKnownFileType = sourcecode.c.objc; path = LocationTableViewCell.m; sourceTree = "<group>"; };
		A9BFFA1121130D03009898F0 /* LocationTableViewCell.xib */ = {isa = PBXFileReference; lastKnownFileType = file.xib; path = LocationTableViewCell.xib; sourceTree = "<group>"; };
		A9BFFA162113FE89009898F0 /* RouteOrTripTableViewCell.h */ = {isa = PBXFileReference; lastKnownFileType = sourcecode.c.h; path = RouteOrTripTableViewCell.h; sourceTree = "<group>"; };
		A9BFFA172113FE89009898F0 /* RouteOrTripTableViewCell.m */ = {isa = PBXFileReference; lastKnownFileType = sourcecode.c.objc; path = RouteOrTripTableViewCell.m; sourceTree = "<group>"; };
		A9BFFA1A2113FEB8009898F0 /* WithoutLoginRouteTableViewCell.xib */ = {isa = PBXFileReference; lastKnownFileType = file.xib; path = WithoutLoginRouteTableViewCell.xib; sourceTree = "<group>"; };
		A9BFFA202113FF45009898F0 /* TripRouteTableViewCell.xib */ = {isa = PBXFileReference; lastKnownFileType = file.xib; path = TripRouteTableViewCell.xib; sourceTree = "<group>"; };
		A9BFFA2321155CC3009898F0 /* UnregisteredDriverView.h */ = {isa = PBXFileReference; lastKnownFileType = sourcecode.c.h; path = UnregisteredDriverView.h; sourceTree = "<group>"; };
		A9BFFA2421155CC3009898F0 /* UnregisteredDriverView.m */ = {isa = PBXFileReference; lastKnownFileType = sourcecode.c.objc; path = UnregisteredDriverView.m; sourceTree = "<group>"; };
		A9BFFA2721155CE0009898F0 /* UnregisteredDriverView.xib */ = {isa = PBXFileReference; lastKnownFileType = file.xib; path = UnregisteredDriverView.xib; sourceTree = "<group>"; };
		A9BFFA3021181357009898F0 /* img_chezhurenzheng@3x.png */ = {isa = PBXFileReference; lastKnownFileType = image.png; path = "img_chezhurenzheng@3x.png"; sourceTree = "<group>"; };
		A9BFFA3121181357009898F0 /* img_chezhurenzheng@2x.png */ = {isa = PBXFileReference; lastKnownFileType = image.png; path = "img_chezhurenzheng@2x.png"; sourceTree = "<group>"; };
		A9BFFA3A211854DB009898F0 /* TravelModel.h */ = {isa = PBXFileReference; lastKnownFileType = sourcecode.c.h; path = TravelModel.h; sourceTree = "<group>"; };
		A9BFFA3B211854DB009898F0 /* TravelModel.m */ = {isa = PBXFileReference; lastKnownFileType = sourcecode.c.objc; path = TravelModel.m; sourceTree = "<group>"; };
		A9BFFA3E211857BA009898F0 /* RouteModel.h */ = {isa = PBXFileReference; lastKnownFileType = sourcecode.c.h; path = RouteModel.h; sourceTree = "<group>"; };
		A9BFFA3F211857BA009898F0 /* RouteModel.m */ = {isa = PBXFileReference; lastKnownFileType = sourcecode.c.objc; path = RouteModel.m; sourceTree = "<group>"; };
		A9BFFA4A21197C2D009898F0 /* HomeListViewModel.h */ = {isa = PBXFileReference; lastKnownFileType = sourcecode.c.h; path = HomeListViewModel.h; sourceTree = "<group>"; };
		A9BFFA4B21197C2D009898F0 /* HomeListViewModel.m */ = {isa = PBXFileReference; lastKnownFileType = sourcecode.c.objc; path = HomeListViewModel.m; sourceTree = "<group>"; };
		A9BFFA52211980C7009898F0 /* MessageViewController.h */ = {isa = PBXFileReference; fileEncoding = 4; lastKnownFileType = sourcecode.c.h; path = MessageViewController.h; sourceTree = "<group>"; };
		A9BFFA53211980C8009898F0 /* MessageViewController.m */ = {isa = PBXFileReference; fileEncoding = 4; lastKnownFileType = sourcecode.c.objc; path = MessageViewController.m; sourceTree = "<group>"; };
		A9BFFA56211980D5009898F0 /* DiscoverViewController.m */ = {isa = PBXFileReference; fileEncoding = 4; lastKnownFileType = sourcecode.c.objc; path = DiscoverViewController.m; sourceTree = "<group>"; };
		A9BFFA57211980D5009898F0 /* DiscoverViewController.h */ = {isa = PBXFileReference; fileEncoding = 4; lastKnownFileType = sourcecode.c.h; path = DiscoverViewController.h; sourceTree = "<group>"; };
		A9BFFA5A211980E2009898F0 /* UserCenterViewController.m */ = {isa = PBXFileReference; fileEncoding = 4; lastKnownFileType = sourcecode.c.objc; path = UserCenterViewController.m; sourceTree = "<group>"; };
		A9BFFA5B211980E2009898F0 /* UserCenterViewController.h */ = {isa = PBXFileReference; fileEncoding = 4; lastKnownFileType = sourcecode.c.h; path = UserCenterViewController.h; sourceTree = "<group>"; };
		A9BFFA5E211980F0009898F0 /* AttentionViewController.h */ = {isa = PBXFileReference; fileEncoding = 4; lastKnownFileType = sourcecode.c.h; path = AttentionViewController.h; sourceTree = "<group>"; };
		A9BFFA5F211980F0009898F0 /* AttentionViewController.m */ = {isa = PBXFileReference; fileEncoding = 4; lastKnownFileType = sourcecode.c.objc; path = AttentionViewController.m; sourceTree = "<group>"; };
		A9BFFA66211ADEDB009898F0 /* HomeTopView.h */ = {isa = PBXFileReference; lastKnownFileType = sourcecode.c.h; path = HomeTopView.h; sourceTree = "<group>"; };
		A9BFFA67211ADEDB009898F0 /* HomeTopView.m */ = {isa = PBXFileReference; lastKnownFileType = sourcecode.c.objc; path = HomeTopView.m; sourceTree = "<group>"; };
		A9BFFA6A211AE13E009898F0 /* UnLoginHomeTopView.xib */ = {isa = PBXFileReference; lastKnownFileType = file.xib; path = UnLoginHomeTopView.xib; sourceTree = "<group>"; };
		A9BFFA6D211AE152009898F0 /* LoginHomeTopView.xib */ = {isa = PBXFileReference; lastKnownFileType = file.xib; path = LoginHomeTopView.xib; sourceTree = "<group>"; };
		A9C56BFB2109A3110009525A /* IntroView.h */ = {isa = PBXFileReference; lastKnownFileType = sourcecode.c.h; path = IntroView.h; sourceTree = "<group>"; };
		A9C56BFC2109A3110009525A /* IntroView.m */ = {isa = PBXFileReference; lastKnownFileType = sourcecode.c.objc; path = IntroView.m; sourceTree = "<group>"; };
		A9C56C022109B7B20009525A /* LastIntroView.xib */ = {isa = PBXFileReference; lastKnownFileType = file.xib; path = LastIntroView.xib; sourceTree = "<group>"; };
		A9C56C052109C0620009525A /* LastIntroView.h */ = {isa = PBXFileReference; lastKnownFileType = sourcecode.c.h; path = LastIntroView.h; sourceTree = "<group>"; };
		A9C56C062109C0620009525A /* LastIntroView.m */ = {isa = PBXFileReference; lastKnownFileType = sourcecode.c.objc; path = LastIntroView.m; sourceTree = "<group>"; };
		A9C56C09210A23F60009525A /* test.png */ = {isa = PBXFileReference; lastKnownFileType = image.png; path = test.png; sourceTree = "<group>"; };
		A9C56C0C210AC7BB0009525A /* TabBarViewController.h */ = {isa = PBXFileReference; lastKnownFileType = sourcecode.c.h; path = TabBarViewController.h; sourceTree = "<group>"; };
		A9C56C0D210AC7BB0009525A /* TabBarViewController.m */ = {isa = PBXFileReference; lastKnownFileType = sourcecode.c.objc; path = TabBarViewController.m; sourceTree = "<group>"; };
		A9C56C10210ACF710009525A /* BaseViewController.h */ = {isa = PBXFileReference; lastKnownFileType = sourcecode.c.h; path = BaseViewController.h; sourceTree = "<group>"; };
		A9C56C11210ACF710009525A /* BaseViewController.m */ = {isa = PBXFileReference; lastKnownFileType = sourcecode.c.objc; path = BaseViewController.m; sourceTree = "<group>"; };
		A9C56C14210B151B0009525A /* UIView+AutoLayout.h */ = {isa = PBXFileReference; lastKnownFileType = sourcecode.c.h; path = "UIView+AutoLayout.h"; sourceTree = "<group>"; };
		A9C56C15210B151B0009525A /* UIView+AutoLayout.m */ = {isa = PBXFileReference; lastKnownFileType = sourcecode.c.objc; path = "UIView+AutoLayout.m"; sourceTree = "<group>"; };
		A9C56C18210CE3100009525A /* UIImage+Utils.h */ = {isa = PBXFileReference; lastKnownFileType = sourcecode.c.h; path = "UIImage+Utils.h"; sourceTree = "<group>"; };
		A9C56C19210CE3100009525A /* UIImage+Utils.m */ = {isa = PBXFileReference; lastKnownFileType = sourcecode.c.objc; path = "UIImage+Utils.m"; sourceTree = "<group>"; };
		A9C56C1C210DC1B30009525A /* HomeViewController.h */ = {isa = PBXFileReference; lastKnownFileType = sourcecode.c.h; path = HomeViewController.h; sourceTree = "<group>"; };
		A9C56C1D210DC1B30009525A /* HomeViewController.m */ = {isa = PBXFileReference; lastKnownFileType = sourcecode.c.objc; path = HomeViewController.m; sourceTree = "<group>"; };
		A9C56C49210F04ED0009525A /* NavItemCustomView.h */ = {isa = PBXFileReference; lastKnownFileType = sourcecode.c.h; path = NavItemCustomView.h; sourceTree = "<group>"; };
		A9C56C4A210F04ED0009525A /* NavItemCustomView.m */ = {isa = PBXFileReference; lastKnownFileType = sourcecode.c.objc; path = NavItemCustomView.m; sourceTree = "<group>"; };
		A9C56C4E210F22C70009525A /* SelectBarView.h */ = {isa = PBXFileReference; lastKnownFileType = sourcecode.c.h; path = SelectBarView.h; sourceTree = "<group>"; };
		A9C56C4F210F22C70009525A /* SelectBarView.m */ = {isa = PBXFileReference; lastKnownFileType = sourcecode.c.objc; path = SelectBarView.m; sourceTree = "<group>"; };
		A9C56C5221105F0F0009525A /* AMapLocationTool.h */ = {isa = PBXFileReference; lastKnownFileType = sourcecode.c.h; path = AMapLocationTool.h; sourceTree = "<group>"; };
		A9C56C5321105F0F0009525A /* AMapLocationTool.m */ = {isa = PBXFileReference; lastKnownFileType = sourcecode.c.objc; path = AMapLocationTool.m; sourceTree = "<group>"; };
		A9C56C5621106F5C0009525A /* LoginView.h */ = {isa = PBXFileReference; lastKnownFileType = sourcecode.c.h; path = LoginView.h; sourceTree = "<group>"; };
		A9C56C5721106F5C0009525A /* LoginView.m */ = {isa = PBXFileReference; lastKnownFileType = sourcecode.c.objc; path = LoginView.m; sourceTree = "<group>"; };
		A9C56C5A2110762E0009525A /* LimitInputLength.m */ = {isa = PBXFileReference; fileEncoding = 4; lastKnownFileType = sourcecode.c.objc; path = LimitInputLength.m; sourceTree = "<group>"; };
		A9C56C5B2110762E0009525A /* LimitInputLength.h */ = {isa = PBXFileReference; fileEncoding = 4; lastKnownFileType = sourcecode.c.h; path = LimitInputLength.h; sourceTree = "<group>"; };
		A9C56C5E2110769C0009525A /* LoginView.xib */ = {isa = PBXFileReference; lastKnownFileType = file.xib; path = LoginView.xib; sourceTree = "<group>"; };
		A9C56C612111581D0009525A /* AlertView.m */ = {isa = PBXFileReference; fileEncoding = 4; lastKnownFileType = sourcecode.c.objc; path = AlertView.m; sourceTree = "<group>"; };
		A9C56C622111581E0009525A /* AlertView.h */ = {isa = PBXFileReference; fileEncoding = 4; lastKnownFileType = sourcecode.c.h; path = AlertView.h; sourceTree = "<group>"; };
		A9EDAE39212421EB0047472A /* MyCity.m */ = {isa = PBXFileReference; fileEncoding = 4; lastKnownFileType = sourcecode.c.objc; path = MyCity.m; sourceTree = "<group>"; };
		A9EDAE3A212421EF0047472A /* MyRecordManager.m */ = {isa = PBXFileReference; fileEncoding = 4; lastKnownFileType = sourcecode.c.objc; path = MyRecordManager.m; sourceTree = "<group>"; };
		A9EDAE3B212421F00047472A /* MyLocation.h */ = {isa = PBXFileReference; fileEncoding = 4; lastKnownFileType = sourcecode.c.h; path = MyLocation.h; sourceTree = "<group>"; };
		A9EDAE3C212421F10047472A /* MyCity.h */ = {isa = PBXFileReference; fileEncoding = 4; lastKnownFileType = sourcecode.c.h; path = MyCity.h; sourceTree = "<group>"; };
		A9EDAE3D212421F10047472A /* MyLocation.m */ = {isa = PBXFileReference; fileEncoding = 4; lastKnownFileType = sourcecode.c.objc; path = MyLocation.m; sourceTree = "<group>"; };
		A9EDAE3E212421F20047472A /* MyRecordManager.h */ = {isa = PBXFileReference; fileEncoding = 4; lastKnownFileType = sourcecode.c.h; path = MyRecordManager.h; sourceTree = "<group>"; };
		A9EDAE45212422410047472A /* MySearchResultView.m */ = {isa = PBXFileReference; fileEncoding = 4; lastKnownFileType = sourcecode.c.objc; path = MySearchResultView.m; sourceTree = "<group>"; };
		A9EDAE46212422420047472A /* MyLocationHeaderCell.m */ = {isa = PBXFileReference; fileEncoding = 4; lastKnownFileType = sourcecode.c.objc; path = MyLocationHeaderCell.m; sourceTree = "<group>"; };
		A9EDAE47212422420047472A /* MySearchResultView.h */ = {isa = PBXFileReference; fileEncoding = 4; lastKnownFileType = sourcecode.c.h; path = MySearchResultView.h; sourceTree = "<group>"; };
		A9EDAE48212422430047472A /* MyLocationHeaderCell.xib */ = {isa = PBXFileReference; fileEncoding = 4; lastKnownFileType = file.xib; path = MyLocationHeaderCell.xib; sourceTree = "<group>"; };
		A9EDAE49212422430047472A /* MyLocationHeaderCell.h */ = {isa = PBXFileReference; fileEncoding = 4; lastKnownFileType = sourcecode.c.h; path = MyLocationHeaderCell.h; sourceTree = "<group>"; };
		A9EDAE50212C12390047472A /* ArrountPoiView.h */ = {isa = PBXFileReference; lastKnownFileType = sourcecode.c.h; path = ArrountPoiView.h; sourceTree = "<group>"; };
		A9EDAE51212C12390047472A /* ArrountPoiView.m */ = {isa = PBXFileReference; lastKnownFileType = sourcecode.c.objc; path = ArrountPoiView.m; sourceTree = "<group>"; };
		A9EDAE54212C12FF0047472A /* ArrountPoiView.xib */ = {isa = PBXFileReference; lastKnownFileType = file.xib; path = ArrountPoiView.xib; sourceTree = "<group>"; };
		A9EDAE57212C19650047472A /* PoiTableViewCell.h */ = {isa = PBXFileReference; lastKnownFileType = sourcecode.c.h; path = PoiTableViewCell.h; sourceTree = "<group>"; };
		A9EDAE58212C19650047472A /* PoiTableViewCell.m */ = {isa = PBXFileReference; lastKnownFileType = sourcecode.c.objc; path = PoiTableViewCell.m; sourceTree = "<group>"; };
		A9EDAE59212C19650047472A /* PoiTableViewCell.xib */ = {isa = PBXFileReference; lastKnownFileType = file.xib; path = PoiTableViewCell.xib; sourceTree = "<group>"; };
		F3DC38ABD82AD3B0A7794AA9 /* Pods-quchuxing.debug.xcconfig */ = {isa = PBXFileReference; includeInIndex = 1; lastKnownFileType = text.xcconfig; name = "Pods-quchuxing.debug.xcconfig"; path = "Pods/Target Support Files/Pods-quchuxing/Pods-quchuxing.debug.xcconfig"; sourceTree = "<group>"; };
/* End PBXFileReference section */

/* Begin PBXFrameworksBuildPhase section */
		A99C9B7F2106FF3D00C3E9CF /* Frameworks */ = {
			isa = PBXFrameworksBuildPhase;
			buildActionMask = 2147483647;
			files = (
				CD007984115E1FDD13A73426 /* libPods-quchuxing.a in Frameworks */,
			);
			runOnlyForDeploymentPostprocessing = 0;
		};
		A99C9B972106FF3F00C3E9CF /* Frameworks */ = {
			isa = PBXFrameworksBuildPhase;
			buildActionMask = 2147483647;
			files = (
			);
			runOnlyForDeploymentPostprocessing = 0;
		};
		A99C9BCD2107097500C3E9CF /* Frameworks */ = {
			isa = PBXFrameworksBuildPhase;
			buildActionMask = 2147483647;
			files = (
			);
			runOnlyForDeploymentPostprocessing = 0;
		};
		A99C9BE42107097700C3E9CF /* Frameworks */ = {
			isa = PBXFrameworksBuildPhase;
			buildActionMask = 2147483647;
			files = (
			);
			runOnlyForDeploymentPostprocessing = 0;
		};
/* End PBXFrameworksBuildPhase section */

/* Begin PBXGroup section */
		5FE13CFD4F383509326BDE95 /* Pods */ = {
			isa = PBXGroup;
			children = (
				F3DC38ABD82AD3B0A7794AA9 /* Pods-quchuxing.debug.xcconfig */,
				8C296735412A912A2E6E897F /* Pods-quchuxing.release.xcconfig */,
			);
			name = Pods;
			sourceTree = "<group>";
		};
		A9966EF021217D4F006EBA44 /* PublishTravel */ = {
			isa = PBXGroup;
			children = (
				A9966EF221217DC8006EBA44 /* PublishTravelTopView.h */,
				A9966EF321217DC8006EBA44 /* PublishTravelTopView.m */,
				A9966EF621217E0A006EBA44 /* PublishTravelTopView.xib */,
				A9966EF921218117006EBA44 /* AddressCellView.h */,
				A9966EFA21218117006EBA44 /* AddressCellView.m */,
				A9966F0121219659006EBA44 /* AddressCellView.xib */,
				A9EDAE49212422430047472A /* MyLocationHeaderCell.h */,
				A9EDAE46212422420047472A /* MyLocationHeaderCell.m */,
				A9EDAE48212422430047472A /* MyLocationHeaderCell.xib */,
				A9EDAE47212422420047472A /* MySearchResultView.h */,
				A9EDAE45212422410047472A /* MySearchResultView.m */,
				A9EDAE50212C12390047472A /* ArrountPoiView.h */,
				A9EDAE51212C12390047472A /* ArrountPoiView.m */,
				A9EDAE54212C12FF0047472A /* ArrountPoiView.xib */,
				A9EDAE57212C19650047472A /* PoiTableViewCell.h */,
				A9EDAE58212C19650047472A /* PoiTableViewCell.m */,
				A9EDAE59212C19650047472A /* PoiTableViewCell.xib */,
			);
			path = PublishTravel;
			sourceTree = "<group>";
		};
		A99C9B792106FF3D00C3E9CF = {
			isa = PBXGroup;
			children = (
				A99C9B842106FF3D00C3E9CF /* quchuxing */,
				A99C9B9D2106FF3F00C3E9CF /* quchuxingTests */,
				A99C9BD12107097500C3E9CF /* quchuxing_debug */,
				A99C9BEA2107097700C3E9CF /* quchuxing_debugTests */,
				A99C9B832106FF3D00C3E9CF /* Products */,
				5FE13CFD4F383509326BDE95 /* Pods */,
				B07E76FF564E86756465AF81 /* Frameworks */,
			);
			sourceTree = "<group>";
		};
		A99C9B832106FF3D00C3E9CF /* Products */ = {
			isa = PBXGroup;
			children = (
				A99C9B822106FF3D00C3E9CF /* quchuxing.app */,
				A99C9B9A2106FF3F00C3E9CF /* quchuxingTests.xctest */,
				A99C9BD02107097500C3E9CF /* quchuxing_debug.app */,
				A99C9BE72107097700C3E9CF /* quchuxing_debugTests.xctest */,
			);
			name = Products;
			sourceTree = "<group>";
		};
		A99C9B842106FF3D00C3E9CF /* quchuxing */ = {
			isa = PBXGroup;
			children = (
				A99C9BBB2107076900C3E9CF /* Libs */,
				A99C9BC02107076A00C3E9CF /* Utils */,
				A99C9BBC2107076900C3E9CF /* Constant */,
				A9C56BF621099FA30009525A /* Resources */,
				A99C9C10210787FA00C3E9CF /* Model */,
				A9BFFA4821197B8D009898F0 /* ViewModel */,
				A99C9C122107884100C3E9CF /* ViewController */,
				A99C9C112107882A00C3E9CF /* View */,
				A99C9BBD2107076A00C3E9CF /* AppDelegate */,
				A99C9B8B2106FF3D00C3E9CF /* Main.storyboard */,
				A99C9B8E2106FF3F00C3E9CF /* Assets.xcassets */,
				A99C9B902106FF3F00C3E9CF /* LaunchScreen.storyboard */,
				A99C9B932106FF3F00C3E9CF /* Info.plist */,
				A99C9B942106FF3F00C3E9CF /* main.m */,
			);
			path = quchuxing;
			sourceTree = "<group>";
		};
		A99C9B9D2106FF3F00C3E9CF /* quchuxingTests */ = {
			isa = PBXGroup;
			children = (
				A99C9B9E2106FF3F00C3E9CF /* quchuxingTests.m */,
				A99C9BA02106FF3F00C3E9CF /* Info.plist */,
			);
			path = quchuxingTests;
			sourceTree = "<group>";
		};
		A99C9BBB2107076900C3E9CF /* Libs */ = {
			isa = PBXGroup;
			children = (
			);
			path = Libs;
			sourceTree = "<group>";
		};
		A99C9BBC2107076900C3E9CF /* Constant */ = {
			isa = PBXGroup;
			children = (
				A99C9BFD2107380700C3E9CF /* Prefix.h */,
				A99C9BFE2107382D00C3E9CF /* Notifications.h */,
				A99C9C012107387100C3E9CF /* Enums.h */,
				A99C9BF721072D2700C3E9CF /* Urls.h */,
			);
			path = Constant;
			sourceTree = "<group>";
		};
		A99C9BBD2107076A00C3E9CF /* AppDelegate */ = {
			isa = PBXGroup;
			children = (
				A99C9BBE2107076A00C3E9CF /* AppDelegate.h */,
				A99C9BBF2107076A00C3E9CF /* AppDelegate.m */,
				A99C9BC62107087100C3E9CF /* AppDelegate+LaunchView.h */,
				A99C9BC72107087100C3E9CF /* AppDelegate+LaunchView.m */,
				A99C9BC9210708C300C3E9CF /* AppDelegate+Libs.h */,
				A99C9BCA210708C300C3E9CF /* AppDelegate+Libs.m */,
			);
			path = AppDelegate;
			sourceTree = "<group>";
		};
		A99C9BC02107076A00C3E9CF /* Utils */ = {
			isa = PBXGroup;
			children = (
				A9BFF9FF2112DCC7009898F0 /* UserDefault.h */,
				A9BFFA002112DCC7009898F0 /* UserDefault.m */,
				A9C56C5B2110762E0009525A /* LimitInputLength.h */,
				A9C56C5A2110762E0009525A /* LimitInputLength.m */,
				A9C56C622111581E0009525A /* AlertView.h */,
				A9C56C612111581D0009525A /* AlertView.m */,
				A99C9C022107830400C3E9CF /* Category */,
				A99C9BC12107076A00C3E9CF /* APITool */,
			);
			path = Utils;
			sourceTree = "<group>";
		};
		A99C9BC12107076A00C3E9CF /* APITool */ = {
			isa = PBXGroup;
			children = (
				A99C9C0B2107876D00C3E9CF /* NetWork */,
				A9C56C5221105F0F0009525A /* AMapLocationTool.h */,
				A9C56C5321105F0F0009525A /* AMapLocationTool.m */,
			);
			path = APITool;
			sourceTree = "<group>";
		};
		A99C9BD12107097500C3E9CF /* quchuxing_debug */ = {
			isa = PBXGroup;
			children = (
				A99C9BD22107097500C3E9CF /* AppDelegate.h */,
				A99C9BD32107097500C3E9CF /* AppDelegate.m */,
				A99C9BD52107097500C3E9CF /* ViewController.h */,
				A99C9BD62107097500C3E9CF /* ViewController.m */,
				A99C9BD82107097500C3E9CF /* Main.storyboard */,
				A99C9BDB2107097700C3E9CF /* Assets.xcassets */,
				A99C9BDD2107097700C3E9CF /* LaunchScreen.storyboard */,
				A99C9BE02107097700C3E9CF /* Info.plist */,
				A99C9BE12107097700C3E9CF /* main.m */,
			);
			path = quchuxing_debug;
			sourceTree = "<group>";
		};
		A99C9BEA2107097700C3E9CF /* quchuxing_debugTests */ = {
			isa = PBXGroup;
			children = (
				A99C9BEB2107097700C3E9CF /* quchuxing_debugTests.m */,
				A99C9BED2107097700C3E9CF /* Info.plist */,
			);
			path = quchuxing_debugTests;
			sourceTree = "<group>";
		};
		A99C9C022107830400C3E9CF /* Category */ = {
			isa = PBXGroup;
			children = (
				A99C9C1721078A0700C3E9CF /* NSDictionary+utils.h */,
				A99C9C1821078A0700C3E9CF /* NSDictionary+utils.m */,
				A99C9C032107856A00C3E9CF /* NSString+MD5.h */,
				A99C9C042107856A00C3E9CF /* NSString+MD5.m */,
				A9423AE62108663E00DF149C /* UIWindow+LastWindow.h */,
				A9423AE72108663E00DF149C /* UIWindow+LastWindow.m */,
				A9423AEE2108711C00DF149C /* NSString+Utils.h */,
				A9423AEF2108711C00DF149C /* NSString+Utils.m */,
				A9423AF2210873FB00DF149C /* UIImageView+DrawCircleImage.h */,
				A9423AF3210873FB00DF149C /* UIImageView+DrawCircleImage.m */,
				A9423AFA210886AC00DF149C /* UIView+Draw.h */,
				A9423AFB210886AC00DF149C /* UIView+Draw.m */,
				A9B91C2B2108C99800CB2167 /* UIView+FrameLayout.h */,
				A9B91C2C2108C99800CB2167 /* UIView+FrameLayout.m */,
				A9C56C14210B151B0009525A /* UIView+AutoLayout.h */,
				A9C56C15210B151B0009525A /* UIView+AutoLayout.m */,
				A9C56C18210CE3100009525A /* UIImage+Utils.h */,
				A9C56C19210CE3100009525A /* UIImage+Utils.m */,
			);
			path = Category;
			sourceTree = "<group>";
		};
		A99C9C0B2107876D00C3E9CF /* NetWork */ = {
			isa = PBXGroup;
			children = (
				A99C9C0D2107876D00C3E9CF /* SignatureTool.h */,
				A99C9C0C2107876D00C3E9CF /* SignatureTool.m */,
				A9423AE22108547E00DF149C /* NetTool.h */,
				A9423AE32108547E00DF149C /* NetTool.m */,
				A9423AEA210870D500DF149C /* APIClient.h */,
				A9423AEB210870D500DF149C /* APIClient.m */,
			);
			path = NetWork;
			sourceTree = "<group>";
		};
		A99C9C10210787FA00C3E9CF /* Model */ = {
			isa = PBXGroup;
			children = (
				A9EDAE38212421860047472A /* LocationAndMap */,
				A9BFFA072112E3F4009898F0 /* BaseModel.h */,
				A9BFFA082112E3F4009898F0 /* BaseModel.m */,
				A9BFFA032112E3D2009898F0 /* UserModel.h */,
				A9BFFA042112E3D2009898F0 /* UserModel.m */,
				A9BFFA3A211854DB009898F0 /* TravelModel.h */,
				A9BFFA3B211854DB009898F0 /* TravelModel.m */,
				A9BFFA3E211857BA009898F0 /* RouteModel.h */,
				A9BFFA3F211857BA009898F0 /* RouteModel.m */,
			);
			path = Model;
			sourceTree = "<group>";
		};
		A99C9C112107882A00C3E9CF /* View */ = {
			isa = PBXGroup;
			children = (
				A9BFFA4721197B57009898F0 /* Home */,
				A9C56C4C210F0F7C0009525A /* Intro */,
				A9C56C49210F04ED0009525A /* NavItemCustomView.h */,
				A9C56C4A210F04ED0009525A /* NavItemCustomView.m */,
				A9C56C5621106F5C0009525A /* LoginView.h */,
				A9C56C5721106F5C0009525A /* LoginView.m */,
				A9C56C5E2110769C0009525A /* LoginView.xib */,
			);
			path = View;
			sourceTree = "<group>";
		};
		A99C9C122107884100C3E9CF /* ViewController */ = {
			isa = PBXGroup;
			children = (
				A9BFFA4621197B2F009898F0 /* Home */,
				A9BFFA51211980AC009898F0 /* UserCenter */,
				A9BFFA502119809F009898F0 /* Message */,
				A9BFFA4F21198088009898F0 /* Attention */,
				A9BFFA4E2119807F009898F0 /* Discovery */,
				A9C56C0C210AC7BB0009525A /* TabBarViewController.h */,
				A9C56C0D210AC7BB0009525A /* TabBarViewController.m */,
				A9C56C10210ACF710009525A /* BaseViewController.h */,
				A9C56C11210ACF710009525A /* BaseViewController.m */,
				A9BFFA0B2112EEEB009898F0 /* RegisterLoginViewController.h */,
				A9BFFA0C2112EEEB009898F0 /* RegisterLoginViewController.m */,
			);
			path = ViewController;
			sourceTree = "<group>";
		};
		A9BFFA4621197B2F009898F0 /* Home */ = {
			isa = PBXGroup;
			children = (
				A9C56C1C210DC1B30009525A /* HomeViewController.h */,
				A9C56C1D210DC1B30009525A /* HomeViewController.m */,
				A9966EFD21218B75006EBA44 /* PassengerPublishTravelViewController.h */,
				A9966EFE21218B75006EBA44 /* PassengerPublishTravelViewController.m */,
			);
			path = Home;
			sourceTree = "<group>";
		};
		A9BFFA4721197B57009898F0 /* Home */ = {
			isa = PBXGroup;
			children = (
				A9966EF021217D4F006EBA44 /* PublishTravel */,
				A9C56C4E210F22C70009525A /* SelectBarView.h */,
				A9C56C4F210F22C70009525A /* SelectBarView.m */,
				A9BFF9F82112A89C009898F0 /* DriverAndPassengerTableView.h */,
				A9BFF9F92112A89C009898F0 /* DriverAndPassengerTableView.m */,
				A9BFFA0F21130D03009898F0 /* LocationTableViewCell.h */,
				A9BFFA1021130D03009898F0 /* LocationTableViewCell.m */,
				A9BFFA1121130D03009898F0 /* LocationTableViewCell.xib */,
				A9BFFA162113FE89009898F0 /* RouteOrTripTableViewCell.h */,
				A9BFFA172113FE89009898F0 /* RouteOrTripTableViewCell.m */,
				A9BFFA1A2113FEB8009898F0 /* WithoutLoginRouteTableViewCell.xib */,
				A9BFFA202113FF45009898F0 /* TripRouteTableViewCell.xib */,
				A9BFFA2321155CC3009898F0 /* UnregisteredDriverView.h */,
				A9BFFA2421155CC3009898F0 /* UnregisteredDriverView.m */,
				A9BFFA2721155CE0009898F0 /* UnregisteredDriverView.xib */,
				A9BFFA66211ADEDB009898F0 /* HomeTopView.h */,
				A9BFFA67211ADEDB009898F0 /* HomeTopView.m */,
				A9BFFA6A211AE13E009898F0 /* UnLoginHomeTopView.xib */,
				A9BFFA6D211AE152009898F0 /* LoginHomeTopView.xib */,
				A95E0A1E211D740D00ABEFD7 /* HomeListScrollView.h */,
				A95E0A1F211D740D00ABEFD7 /* HomeListScrollView.m */,
			);
			path = Home;
			sourceTree = "<group>";
		};
		A9BFFA4821197B8D009898F0 /* ViewModel */ = {
			isa = PBXGroup;
			children = (
				A9BFFA4921197BDF009898F0 /* Home */,
			);
			path = ViewModel;
			sourceTree = "<group>";
		};
		A9BFFA4921197BDF009898F0 /* Home */ = {
			isa = PBXGroup;
			children = (
				A9BFFA4A21197C2D009898F0 /* HomeListViewModel.h */,
				A9BFFA4B21197C2D009898F0 /* HomeListViewModel.m */,
			);
			path = Home;
			sourceTree = "<group>";
		};
		A9BFFA4E2119807F009898F0 /* Discovery */ = {
			isa = PBXGroup;
			children = (
				A9BFFA57211980D5009898F0 /* DiscoverViewController.h */,
				A9BFFA56211980D5009898F0 /* DiscoverViewController.m */,
			);
			path = Discovery;
			sourceTree = "<group>";
		};
		A9BFFA4F21198088009898F0 /* Attention */ = {
			isa = PBXGroup;
			children = (
				A9BFFA5E211980F0009898F0 /* AttentionViewController.h */,
				A9BFFA5F211980F0009898F0 /* AttentionViewController.m */,
			);
			path = Attention;
			sourceTree = "<group>";
		};
		A9BFFA502119809F009898F0 /* Message */ = {
			isa = PBXGroup;
			children = (
				A9BFFA52211980C7009898F0 /* MessageViewController.h */,
				A9BFFA53211980C8009898F0 /* MessageViewController.m */,
			);
			path = Message;
			sourceTree = "<group>";
		};
		A9BFFA51211980AC009898F0 /* UserCenter */ = {
			isa = PBXGroup;
			children = (
				A9BFFA5B211980E2009898F0 /* UserCenterViewController.h */,
				A9BFFA5A211980E2009898F0 /* UserCenterViewController.m */,
			);
			path = UserCenter;
			sourceTree = "<group>";
		};
		A9C56BF621099FA30009525A /* Resources */ = {
			isa = PBXGroup;
			children = (
				A9BFFA3121181357009898F0 /* img_chezhurenzheng@2x.png */,
				A9BFFA3021181357009898F0 /* img_chezhurenzheng@3x.png */,
				A9BFF9FC2112D23B009898F0 /* qcxn.cer */,
				A9C56C09210A23F60009525A /* test.png */,
			);
			path = Resources;
			sourceTree = "<group>";
		};
		A9C56C4C210F0F7C0009525A /* Intro */ = {
			isa = PBXGroup;
			children = (
				A9C56BFB2109A3110009525A /* IntroView.h */,
				A9C56BFC2109A3110009525A /* IntroView.m */,
				A9C56C022109B7B20009525A /* LastIntroView.xib */,
				A9C56C052109C0620009525A /* LastIntroView.h */,
				A9C56C062109C0620009525A /* LastIntroView.m */,
			);
			path = Intro;
			sourceTree = "<group>";
		};
		A9EDAE38212421860047472A /* LocationAndMap */ = {
			isa = PBXGroup;
			children = (
				A9EDAE3C212421F10047472A /* MyCity.h */,
				A9EDAE39212421EB0047472A /* MyCity.m */,
				A9EDAE3B212421F00047472A /* MyLocation.h */,
				A9EDAE3D212421F10047472A /* MyLocation.m */,
				A9EDAE3E212421F20047472A /* MyRecordManager.h */,
				A9EDAE3A212421EF0047472A /* MyRecordManager.m */,
			);
			path = LocationAndMap;
			sourceTree = "<group>";
		};
		B07E76FF564E86756465AF81 /* Frameworks */ = {
			isa = PBXGroup;
			children = (
				79139E3C939EBCAFAFF27459 /* libPods-quchuxing.a */,
			);
			name = Frameworks;
			sourceTree = "<group>";
		};
/* End PBXGroup section */

/* Begin PBXNativeTarget section */
		A99C9B812106FF3D00C3E9CF /* quchuxing */ = {
			isa = PBXNativeTarget;
			buildConfigurationList = A99C9BA32106FF3F00C3E9CF /* Build configuration list for PBXNativeTarget "quchuxing" */;
			buildPhases = (
				DDB2514213F2E78985777694 /* [CP] Check Pods Manifest.lock */,
				A99C9B7E2106FF3D00C3E9CF /* Sources */,
				A99C9B7F2106FF3D00C3E9CF /* Frameworks */,
				A99C9B802106FF3D00C3E9CF /* Resources */,
				31D953BB2FDCAE27110D97B7 /* [CP] Copy Pods Resources */,
			);
			buildRules = (
			);
			dependencies = (
			);
			name = quchuxing;
			productName = quchuxing;
			productReference = A99C9B822106FF3D00C3E9CF /* quchuxing.app */;
			productType = "com.apple.product-type.application";
		};
		A99C9B992106FF3F00C3E9CF /* quchuxingTests */ = {
			isa = PBXNativeTarget;
			buildConfigurationList = A99C9BA62106FF3F00C3E9CF /* Build configuration list for PBXNativeTarget "quchuxingTests" */;
			buildPhases = (
				A99C9B962106FF3F00C3E9CF /* Sources */,
				A99C9B972106FF3F00C3E9CF /* Frameworks */,
				A99C9B982106FF3F00C3E9CF /* Resources */,
			);
			buildRules = (
			);
			dependencies = (
				A99C9B9C2106FF3F00C3E9CF /* PBXTargetDependency */,
			);
			name = quchuxingTests;
			productName = quchuxingTests;
			productReference = A99C9B9A2106FF3F00C3E9CF /* quchuxingTests.xctest */;
			productType = "com.apple.product-type.bundle.unit-test";
		};
		A99C9BCF2107097500C3E9CF /* quchuxing_debug */ = {
			isa = PBXNativeTarget;
			buildConfigurationList = A99C9BEE2107097700C3E9CF /* Build configuration list for PBXNativeTarget "quchuxing_debug" */;
			buildPhases = (
				A99C9BCC2107097500C3E9CF /* Sources */,
				A99C9BCD2107097500C3E9CF /* Frameworks */,
				A99C9BCE2107097500C3E9CF /* Resources */,
			);
			buildRules = (
			);
			dependencies = (
			);
			name = quchuxing_debug;
			productName = quchuxing_debug;
			productReference = A99C9BD02107097500C3E9CF /* quchuxing_debug.app */;
			productType = "com.apple.product-type.application";
		};
		A99C9BE62107097700C3E9CF /* quchuxing_debugTests */ = {
			isa = PBXNativeTarget;
			buildConfigurationList = A99C9BF12107097700C3E9CF /* Build configuration list for PBXNativeTarget "quchuxing_debugTests" */;
			buildPhases = (
				A99C9BE32107097700C3E9CF /* Sources */,
				A99C9BE42107097700C3E9CF /* Frameworks */,
				A99C9BE52107097700C3E9CF /* Resources */,
			);
			buildRules = (
			);
			dependencies = (
				A99C9BE92107097700C3E9CF /* PBXTargetDependency */,
			);
			name = quchuxing_debugTests;
			productName = quchuxing_debugTests;
			productReference = A99C9BE72107097700C3E9CF /* quchuxing_debugTests.xctest */;
			productType = "com.apple.product-type.bundle.unit-test";
		};
/* End PBXNativeTarget section */

/* Begin PBXProject section */
		A99C9B7A2106FF3D00C3E9CF /* Project object */ = {
			isa = PBXProject;
			attributes = {
				LastUpgradeCheck = 0940;
				ORGANIZATIONNAME = "趣出行";
				TargetAttributes = {
					A99C9B812106FF3D00C3E9CF = {
						CreatedOnToolsVersion = 9.4;
					};
					A99C9B992106FF3F00C3E9CF = {
						CreatedOnToolsVersion = 9.4;
						TestTargetID = A99C9B812106FF3D00C3E9CF;
					};
					A99C9BCF2107097500C3E9CF = {
						CreatedOnToolsVersion = 9.4;
					};
					A99C9BE62107097700C3E9CF = {
						CreatedOnToolsVersion = 9.4;
						TestTargetID = A99C9BCF2107097500C3E9CF;
					};
				};
			};
			buildConfigurationList = A99C9B7D2106FF3D00C3E9CF /* Build configuration list for PBXProject "quchuxing" */;
			compatibilityVersion = "Xcode 9.3";
			developmentRegion = en;
			hasScannedForEncodings = 0;
			knownRegions = (
				en,
				Base,
			);
			mainGroup = A99C9B792106FF3D00C3E9CF;
			productRefGroup = A99C9B832106FF3D00C3E9CF /* Products */;
			projectDirPath = "";
			projectRoot = "";
			targets = (
				A99C9B812106FF3D00C3E9CF /* quchuxing */,
				A99C9B992106FF3F00C3E9CF /* quchuxingTests */,
				A99C9BCF2107097500C3E9CF /* quchuxing_debug */,
				A99C9BE62107097700C3E9CF /* quchuxing_debugTests */,
			);
		};
/* End PBXProject section */

/* Begin PBXResourcesBuildPhase section */
		A99C9B802106FF3D00C3E9CF /* Resources */ = {
			isa = PBXResourcesBuildPhase;
			buildActionMask = 2147483647;
			files = (
				A9EDAE55212C12FF0047472A /* ArrountPoiView.xib in Resources */,
				A9BFFA1421130D03009898F0 /* LocationTableViewCell.xib in Resources */,
				A99C9B922106FF3F00C3E9CF /* LaunchScreen.storyboard in Resources */,
				A99C9B8F2106FF3F00C3E9CF /* Assets.xcassets in Resources */,
				A9EDAE4E212422430047472A /* MyLocationHeaderCell.xib in Resources */,
				A9C56C5F2110769C0009525A /* LoginView.xib in Resources */,
				A9BFFA1B2113FEB8009898F0 /* WithoutLoginRouteTableViewCell.xib in Resources */,
				A9BFFA6E211AE152009898F0 /* LoginHomeTopView.xib in Resources */,
				A9EDAE5C212C19650047472A /* PoiTableViewCell.xib in Resources */,
				A99C9B8D2106FF3D00C3E9CF /* Main.storyboard in Resources */,
				A9BFFA212113FF45009898F0 /* TripRouteTableViewCell.xib in Resources */,
				A9BFFA3221181357009898F0 /* img_chezhurenzheng@3x.png in Resources */,
				A9C56C032109B7B20009525A /* LastIntroView.xib in Resources */,
				A9BFFA3421181357009898F0 /* img_chezhurenzheng@2x.png in Resources */,
				A9966F0221219659006EBA44 /* AddressCellView.xib in Resources */,
				A9C56C0A210A23F60009525A /* test.png in Resources */,
				A9966EF721217E0A006EBA44 /* PublishTravelTopView.xib in Resources */,
				A9BFFA2821155CE0009898F0 /* UnregisteredDriverView.xib in Resources */,
				A9BFF9FD2112D23B009898F0 /* qcxn.cer in Resources */,
				A9BFFA6B211AE13E009898F0 /* UnLoginHomeTopView.xib in Resources */,
			);
			runOnlyForDeploymentPostprocessing = 0;
		};
		A99C9B982106FF3F00C3E9CF /* Resources */ = {
			isa = PBXResourcesBuildPhase;
			buildActionMask = 2147483647;
			files = (
			);
			runOnlyForDeploymentPostprocessing = 0;
		};
		A99C9BCE2107097500C3E9CF /* Resources */ = {
			isa = PBXResourcesBuildPhase;
			buildActionMask = 2147483647;
			files = (
				A9EDAE56212C12FF0047472A /* ArrountPoiView.xib in Resources */,
				A9BFFA1521130D03009898F0 /* LocationTableViewCell.xib in Resources */,
				A99C9BDF2107097700C3E9CF /* LaunchScreen.storyboard in Resources */,
				A99C9BDC2107097700C3E9CF /* Assets.xcassets in Resources */,
				A9EDAE4F212422430047472A /* MyLocationHeaderCell.xib in Resources */,
				A9C56C602110769C0009525A /* LoginView.xib in Resources */,
				A9BFFA1C2113FEB8009898F0 /* WithoutLoginRouteTableViewCell.xib in Resources */,
				A9BFFA6F211AE152009898F0 /* LoginHomeTopView.xib in Resources */,
				A9EDAE5D212C19650047472A /* PoiTableViewCell.xib in Resources */,
				A99C9BDA2107097500C3E9CF /* Main.storyboard in Resources */,
				A9BFFA222113FF45009898F0 /* TripRouteTableViewCell.xib in Resources */,
				A9BFFA3321181357009898F0 /* img_chezhurenzheng@3x.png in Resources */,
				A9C56C042109B7B20009525A /* LastIntroView.xib in Resources */,
				A9BFFA3521181357009898F0 /* img_chezhurenzheng@2x.png in Resources */,
				A9966F0321219659006EBA44 /* AddressCellView.xib in Resources */,
				A9C56C0B210A23F60009525A /* test.png in Resources */,
				A9966EF821217E0A006EBA44 /* PublishTravelTopView.xib in Resources */,
				A9BFFA2921155CE0009898F0 /* UnregisteredDriverView.xib in Resources */,
				A9BFF9FE2112D23B009898F0 /* qcxn.cer in Resources */,
				A9BFFA6C211AE13E009898F0 /* UnLoginHomeTopView.xib in Resources */,
			);
			runOnlyForDeploymentPostprocessing = 0;
		};
		A99C9BE52107097700C3E9CF /* Resources */ = {
			isa = PBXResourcesBuildPhase;
			buildActionMask = 2147483647;
			files = (
			);
			runOnlyForDeploymentPostprocessing = 0;
		};
/* End PBXResourcesBuildPhase section */

/* Begin PBXShellScriptBuildPhase section */
		31D953BB2FDCAE27110D97B7 /* [CP] Copy Pods Resources */ = {
			isa = PBXShellScriptBuildPhase;
			buildActionMask = 2147483647;
			files = (
			);
			inputPaths = (
				"${SRCROOT}/Pods/Target Support Files/Pods-quchuxing/Pods-quchuxing-resources.sh",
				"${PODS_ROOT}/AMap3DMap/MAMapKit.framework/AMap.bundle",
				"${PODS_ROOT}/AMapNavi/AMapNaviKit.framework/AMapNavi.bundle",
				"${PODS_ROOT}/MJRefresh/MJRefresh/MJRefresh.bundle",
				"${PODS_ROOT}/UMCShare/UMShare/UMSocialUI/UMSocialSDKResources.bundle",
			);
			name = "[CP] Copy Pods Resources";
			outputPaths = (
				"${TARGET_BUILD_DIR}/${UNLOCALIZED_RESOURCES_FOLDER_PATH}/AMap.bundle",
				"${TARGET_BUILD_DIR}/${UNLOCALIZED_RESOURCES_FOLDER_PATH}/AMapNavi.bundle",
				"${TARGET_BUILD_DIR}/${UNLOCALIZED_RESOURCES_FOLDER_PATH}/MJRefresh.bundle",
				"${TARGET_BUILD_DIR}/${UNLOCALIZED_RESOURCES_FOLDER_PATH}/UMSocialSDKResources.bundle",
			);
			runOnlyForDeploymentPostprocessing = 0;
			shellPath = /bin/sh;
			shellScript = "\"${SRCROOT}/Pods/Target Support Files/Pods-quchuxing/Pods-quchuxing-resources.sh\"\n";
			showEnvVarsInLog = 0;
		};
		DDB2514213F2E78985777694 /* [CP] Check Pods Manifest.lock */ = {
			isa = PBXShellScriptBuildPhase;
			buildActionMask = 2147483647;
			files = (
			);
			inputPaths = (
				"${PODS_PODFILE_DIR_PATH}/Podfile.lock",
				"${PODS_ROOT}/Manifest.lock",
			);
			name = "[CP] Check Pods Manifest.lock";
			outputPaths = (
				"$(DERIVED_FILE_DIR)/Pods-quchuxing-checkManifestLockResult.txt",
			);
			runOnlyForDeploymentPostprocessing = 0;
			shellPath = /bin/sh;
			shellScript = "diff \"${PODS_PODFILE_DIR_PATH}/Podfile.lock\" \"${PODS_ROOT}/Manifest.lock\" > /dev/null\nif [ $? != 0 ] ; then\n    # print error to STDERR\n    echo \"error: The sandbox is not in sync with the Podfile.lock. Run 'pod install' or update your CocoaPods installation.\" >&2\n    exit 1\nfi\n# This output is used by Xcode 'outputs' to avoid re-running this script phase.\necho \"SUCCESS\" > \"${SCRIPT_OUTPUT_FILE_0}\"\n";
			showEnvVarsInLog = 0;
		};
/* End PBXShellScriptBuildPhase section */

/* Begin PBXSourcesBuildPhase section */
		A99C9B7E2106FF3D00C3E9CF /* Sources */ = {
			isa = PBXSourcesBuildPhase;
			buildActionMask = 2147483647;
			files = (
				A9EDAE41212421F20047472A /* MyRecordManager.m in Sources */,
				A99C9BC82107087100C3E9CF /* AppDelegate+LaunchView.m in Sources */,
				A9C56C5C2110762E0009525A /* LimitInputLength.m in Sources */,
				A9BFFA40211857BA009898F0 /* RouteModel.m in Sources */,
				A9BFFA5C211980E2009898F0 /* UserCenterViewController.m in Sources */,
				A9966EF421217DC8006EBA44 /* PublishTravelTopView.m in Sources */,
				A9BFFA092112E3F4009898F0 /* BaseModel.m in Sources */,
				A9BFF9FA2112A89C009898F0 /* DriverAndPassengerTableView.m in Sources */,
				A99C9C0E2107876D00C3E9CF /* SignatureTool.m in Sources */,
				A9BFFA1221130D03009898F0 /* LocationTableViewCell.m in Sources */,
				A99C9C1921078A0700C3E9CF /* NSDictionary+utils.m in Sources */,
				A9C56C1A210CE3100009525A /* UIImage+Utils.m in Sources */,
				A9C56C072109C0620009525A /* LastIntroView.m in Sources */,
				A95E0A20211D740D00ABEFD7 /* HomeListScrollView.m in Sources */,
				A9C56C4B210F04ED0009525A /* NavItemCustomView.m in Sources */,
				A9C56C16210B151B0009525A /* UIView+AutoLayout.m in Sources */,
				A9EDAE43212421F20047472A /* MyLocation.m in Sources */,
				A9BFFA60211980F0009898F0 /* AttentionViewController.m in Sources */,
				A99C9BC22107076A00C3E9CF /* AppDelegate.m in Sources */,
				A9EDAE4A212422430047472A /* MySearchResultView.m in Sources */,
				A9C56C12210ACF710009525A /* BaseViewController.m in Sources */,
				A9BFFA012112DCC7009898F0 /* UserDefault.m in Sources */,
				A9423AF4210873FB00DF149C /* UIImageView+DrawCircleImage.m in Sources */,
				A9C56C50210F22C70009525A /* SelectBarView.m in Sources */,
				A9423AEC210870D500DF149C /* APIClient.m in Sources */,
				A99C9C052107856A00C3E9CF /* NSString+MD5.m in Sources */,
				A9BFFA182113FE89009898F0 /* RouteOrTripTableViewCell.m in Sources */,
				A9EDAE3F212421F20047472A /* MyCity.m in Sources */,
				A9EDAE5A212C19650047472A /* PoiTableViewCell.m in Sources */,
				A9C56C5421105F0F0009525A /* AMapLocationTool.m in Sources */,
				A9966EFF21218B75006EBA44 /* PassengerPublishTravelViewController.m in Sources */,
				A9BFFA68211ADEDB009898F0 /* HomeTopView.m in Sources */,
				A9C56C5821106F5C0009525A /* LoginView.m in Sources */,
				A9BFFA4C21197C2D009898F0 /* HomeListViewModel.m in Sources */,
				A9423AFC210886AD00DF149C /* UIView+Draw.m in Sources */,
				A9BFFA052112E3D2009898F0 /* UserModel.m in Sources */,
				A9423AF02108711C00DF149C /* NSString+Utils.m in Sources */,
				A99C9BCB210708C300C3E9CF /* AppDelegate+Libs.m in Sources */,
				A9EDAE4C212422430047472A /* MyLocationHeaderCell.m in Sources */,
				A9B91C2D2108C99800CB2167 /* UIView+FrameLayout.m in Sources */,
				A9423AE82108663E00DF149C /* UIWindow+LastWindow.m in Sources */,
				A9C56C632111581E0009525A /* AlertView.m in Sources */,
				A9C56C1E210DC1B30009525A /* HomeViewController.m in Sources */,
				A9C56BFD2109A3110009525A /* IntroView.m in Sources */,
				A9BFFA3C211854DB009898F0 /* TravelModel.m in Sources */,
				A9423AE42108547E00DF149C /* NetTool.m in Sources */,
				A9966EFB21218117006EBA44 /* AddressCellView.m in Sources */,
				A9BFFA0D2112EEEB009898F0 /* RegisterLoginViewController.m in Sources */,
				A9BFFA58211980D5009898F0 /* DiscoverViewController.m in Sources */,
				A9C56C0E210AC7BB0009525A /* TabBarViewController.m in Sources */,
				A9BFFA2521155CC3009898F0 /* UnregisteredDriverView.m in Sources */,
				A9BFFA54211980C8009898F0 /* MessageViewController.m in Sources */,
				A9EDAE52212C12390047472A /* ArrountPoiView.m in Sources */,
				A99C9B952106FF3F00C3E9CF /* main.m in Sources */,
			);
			runOnlyForDeploymentPostprocessing = 0;
		};
		A99C9B962106FF3F00C3E9CF /* Sources */ = {
			isa = PBXSourcesBuildPhase;
			buildActionMask = 2147483647;
			files = (
				A99C9B9F2106FF3F00C3E9CF /* quchuxingTests.m in Sources */,
			);
			runOnlyForDeploymentPostprocessing = 0;
		};
		A99C9BCC2107097500C3E9CF /* Sources */ = {
			isa = PBXSourcesBuildPhase;
			buildActionMask = 2147483647;
			files = (
				A9C56C5D2110762E0009525A /* LimitInputLength.m in Sources */,
				A9423AE52108547E00DF149C /* NetTool.m in Sources */,
				A9966EFC21218117006EBA44 /* AddressCellView.m in Sources */,
				A9C56C5921106F5C0009525A /* LoginView.m in Sources */,
				A9BFFA0A2112E3F4009898F0 /* BaseModel.m in Sources */,
				A9C56C0F210AC7BB0009525A /* TabBarViewController.m in Sources */,
				A9C56BFE2109A3110009525A /* IntroView.m in Sources */,
				A9BFFA1321130D03009898F0 /* LocationTableViewCell.m in Sources */,
				A9423AE92108663E00DF149C /* UIWindow+LastWindow.m in Sources */,
				A9C56C1F210DC1B30009525A /* HomeViewController.m in Sources */,
				A99C9C0F2107876D00C3E9CF /* SignatureTool.m in Sources */,
				A9EDAE53212C12390047472A /* ArrountPoiView.m in Sources */,
				A9EDAE5B212C19650047472A /* PoiTableViewCell.m in Sources */,
				A9C56C082109C0620009525A /* LastIntroView.m in Sources */,
				A9BFFA61211980F0009898F0 /* AttentionViewController.m in Sources */,
				A9423AFD210886AD00DF149C /* UIView+Draw.m in Sources */,
				A9423AF12108711C00DF149C /* NSString+Utils.m in Sources */,
				A9BFF9FB2112A89C009898F0 /* DriverAndPassengerTableView.m in Sources */,
				A9BFFA41211857BA009898F0 /* RouteModel.m in Sources */,
				A9BFFA55211980C8009898F0 /* MessageViewController.m in Sources */,
				A99C9BD72107097500C3E9CF /* ViewController.m in Sources */,
				A9BFFA022112DCC7009898F0 /* UserDefault.m in Sources */,
				A95E0A21211D740D00ABEFD7 /* HomeListScrollView.m in Sources */,
				A9C56C51210F22C70009525A /* SelectBarView.m in Sources */,
				A9C56C642111581E0009525A /* AlertView.m in Sources */,
				A9C56C5521105F0F0009525A /* AMapLocationTool.m in Sources */,
				A9EDAE4B212422430047472A /* MySearchResultView.m in Sources */,
				A9423AF5210873FB00DF149C /* UIImageView+DrawCircleImage.m in Sources */,
				A9423AED210870D500DF149C /* APIClient.m in Sources */,
				A9BFFA062112E3D2009898F0 /* UserModel.m in Sources */,
				A9BFFA59211980D5009898F0 /* DiscoverViewController.m in Sources */,
				A9BFFA0E2112EEEB009898F0 /* RegisterLoginViewController.m in Sources */,
				A9C56C17210B151B0009525A /* UIView+AutoLayout.m in Sources */,
				A9EDAE4D212422430047472A /* MyLocationHeaderCell.m in Sources */,
				A9BFFA4D21197C2D009898F0 /* HomeListViewModel.m in Sources */,
				A9EDAE44212421F20047472A /* MyLocation.m in Sources */,
				A9BFFA192113FE89009898F0 /* RouteOrTripTableViewCell.m in Sources */,
				A9966EF521217DC8006EBA44 /* PublishTravelTopView.m in Sources */,
				A9EDAE42212421F20047472A /* MyRecordManager.m in Sources */,
				A99C9BE22107097700C3E9CF /* main.m in Sources */,
				A99C9C062107856A00C3E9CF /* NSString+MD5.m in Sources */,
				A9BFFA5D211980E2009898F0 /* UserCenterViewController.m in Sources */,
				A9EDAE40212421F20047472A /* MyCity.m in Sources */,
				A9BFFA2621155CC3009898F0 /* UnregisteredDriverView.m in Sources */,
				A9BFFA3D211854DB009898F0 /* TravelModel.m in Sources */,
				A9C56C13210ACF710009525A /* BaseViewController.m in Sources */,
				A9BFFA69211ADEDB009898F0 /* HomeTopView.m in Sources */,
				A9B91C2E2108C99800CB2167 /* UIView+FrameLayout.m in Sources */,
				A99C9BD42107097500C3E9CF /* AppDelegate.m in Sources */,
				A9966F0021218B75006EBA44 /* PassengerPublishTravelViewController.m in Sources */,
				A99C9C1A21078A0700C3E9CF /* NSDictionary+utils.m in Sources */,
				A9C56C1B210CE3100009525A /* UIImage+Utils.m in Sources */,
			);
			runOnlyForDeploymentPostprocessing = 0;
		};
		A99C9BE32107097700C3E9CF /* Sources */ = {
			isa = PBXSourcesBuildPhase;
			buildActionMask = 2147483647;
			files = (
				A99C9BEC2107097700C3E9CF /* quchuxing_debugTests.m in Sources */,
			);
			runOnlyForDeploymentPostprocessing = 0;
		};
/* End PBXSourcesBuildPhase section */

/* Begin PBXTargetDependency section */
		A99C9B9C2106FF3F00C3E9CF /* PBXTargetDependency */ = {
			isa = PBXTargetDependency;
			target = A99C9B812106FF3D00C3E9CF /* quchuxing */;
			targetProxy = A99C9B9B2106FF3F00C3E9CF /* PBXContainerItemProxy */;
		};
		A99C9BE92107097700C3E9CF /* PBXTargetDependency */ = {
			isa = PBXTargetDependency;
			target = A99C9BCF2107097500C3E9CF /* quchuxing_debug */;
			targetProxy = A99C9BE82107097700C3E9CF /* PBXContainerItemProxy */;
		};
/* End PBXTargetDependency section */

/* Begin PBXVariantGroup section */
		A99C9B8B2106FF3D00C3E9CF /* Main.storyboard */ = {
			isa = PBXVariantGroup;
			children = (
				A99C9B8C2106FF3D00C3E9CF /* Base */,
			);
			name = Main.storyboard;
			sourceTree = "<group>";
		};
		A99C9B902106FF3F00C3E9CF /* LaunchScreen.storyboard */ = {
			isa = PBXVariantGroup;
			children = (
				A99C9B912106FF3F00C3E9CF /* Base */,
			);
			name = LaunchScreen.storyboard;
			sourceTree = "<group>";
		};
		A99C9BD82107097500C3E9CF /* Main.storyboard */ = {
			isa = PBXVariantGroup;
			children = (
				A99C9BD92107097500C3E9CF /* Base */,
			);
			name = Main.storyboard;
			sourceTree = "<group>";
		};
		A99C9BDD2107097700C3E9CF /* LaunchScreen.storyboard */ = {
			isa = PBXVariantGroup;
			children = (
				A99C9BDE2107097700C3E9CF /* Base */,
			);
			name = LaunchScreen.storyboard;
			sourceTree = "<group>";
		};
/* End PBXVariantGroup section */

/* Begin XCBuildConfiguration section */
		A99C9BA12106FF3F00C3E9CF /* Debug */ = {
			isa = XCBuildConfiguration;
			buildSettings = {
				ALWAYS_SEARCH_USER_PATHS = NO;
				CLANG_ANALYZER_NONNULL = YES;
				CLANG_ANALYZER_NUMBER_OBJECT_CONVERSION = YES_AGGRESSIVE;
				CLANG_CXX_LANGUAGE_STANDARD = "gnu++14";
				CLANG_CXX_LIBRARY = "libc++";
				CLANG_ENABLE_MODULES = YES;
				CLANG_ENABLE_OBJC_ARC = YES;
				CLANG_ENABLE_OBJC_WEAK = YES;
				CLANG_WARN_BLOCK_CAPTURE_AUTORELEASING = YES;
				CLANG_WARN_BOOL_CONVERSION = YES;
				CLANG_WARN_COMMA = YES;
				CLANG_WARN_CONSTANT_CONVERSION = YES;
				CLANG_WARN_DEPRECATED_OBJC_IMPLEMENTATIONS = YES;
				CLANG_WARN_DIRECT_OBJC_ISA_USAGE = YES_ERROR;
				CLANG_WARN_DOCUMENTATION_COMMENTS = YES;
				CLANG_WARN_EMPTY_BODY = YES;
				CLANG_WARN_ENUM_CONVERSION = YES;
				CLANG_WARN_INFINITE_RECURSION = YES;
				CLANG_WARN_INT_CONVERSION = YES;
				CLANG_WARN_NON_LITERAL_NULL_CONVERSION = YES;
				CLANG_WARN_OBJC_IMPLICIT_RETAIN_SELF = YES;
				CLANG_WARN_OBJC_LITERAL_CONVERSION = YES;
				CLANG_WARN_OBJC_ROOT_CLASS = YES_ERROR;
				CLANG_WARN_RANGE_LOOP_ANALYSIS = YES;
				CLANG_WARN_STRICT_PROTOTYPES = YES;
				CLANG_WARN_SUSPICIOUS_MOVE = YES;
				CLANG_WARN_UNGUARDED_AVAILABILITY = YES_AGGRESSIVE;
				CLANG_WARN_UNREACHABLE_CODE = YES;
				CLANG_WARN__DUPLICATE_METHOD_MATCH = YES;
				CODE_SIGN_IDENTITY = "iPhone Developer";
				COPY_PHASE_STRIP = NO;
				DEBUG_INFORMATION_FORMAT = dwarf;
				ENABLE_STRICT_OBJC_MSGSEND = YES;
				ENABLE_TESTABILITY = YES;
				GCC_C_LANGUAGE_STANDARD = gnu11;
				GCC_DYNAMIC_NO_PIC = NO;
				GCC_NO_COMMON_BLOCKS = YES;
				GCC_OPTIMIZATION_LEVEL = 0;
				GCC_PREFIX_HEADER = "$(SRCROOT)/quchuxing/Constant/Prefix.h";
				GCC_PREPROCESSOR_DEFINITIONS = (
					"DEBUG=1",
					"$(inherited)",
				);
				GCC_WARN_64_TO_32_BIT_CONVERSION = YES;
				GCC_WARN_ABOUT_RETURN_TYPE = YES_ERROR;
				GCC_WARN_UNDECLARED_SELECTOR = YES;
				GCC_WARN_UNINITIALIZED_AUTOS = YES_AGGRESSIVE;
				GCC_WARN_UNUSED_FUNCTION = YES;
				GCC_WARN_UNUSED_VARIABLE = YES;
				IPHONEOS_DEPLOYMENT_TARGET = 9.0;
				MTL_ENABLE_DEBUG_INFO = YES;
				ONLY_ACTIVE_ARCH = YES;
				SDKROOT = iphoneos;
			};
			name = Debug;
		};
		A99C9BA22106FF3F00C3E9CF /* Release */ = {
			isa = XCBuildConfiguration;
			buildSettings = {
				ALWAYS_SEARCH_USER_PATHS = NO;
				CLANG_ANALYZER_NONNULL = YES;
				CLANG_ANALYZER_NUMBER_OBJECT_CONVERSION = YES_AGGRESSIVE;
				CLANG_CXX_LANGUAGE_STANDARD = "gnu++14";
				CLANG_CXX_LIBRARY = "libc++";
				CLANG_ENABLE_MODULES = YES;
				CLANG_ENABLE_OBJC_ARC = YES;
				CLANG_ENABLE_OBJC_WEAK = YES;
				CLANG_WARN_BLOCK_CAPTURE_AUTORELEASING = YES;
				CLANG_WARN_BOOL_CONVERSION = YES;
				CLANG_WARN_COMMA = YES;
				CLANG_WARN_CONSTANT_CONVERSION = YES;
				CLANG_WARN_DEPRECATED_OBJC_IMPLEMENTATIONS = YES;
				CLANG_WARN_DIRECT_OBJC_ISA_USAGE = YES_ERROR;
				CLANG_WARN_DOCUMENTATION_COMMENTS = YES;
				CLANG_WARN_EMPTY_BODY = YES;
				CLANG_WARN_ENUM_CONVERSION = YES;
				CLANG_WARN_INFINITE_RECURSION = YES;
				CLANG_WARN_INT_CONVERSION = YES;
				CLANG_WARN_NON_LITERAL_NULL_CONVERSION = YES;
				CLANG_WARN_OBJC_IMPLICIT_RETAIN_SELF = YES;
				CLANG_WARN_OBJC_LITERAL_CONVERSION = YES;
				CLANG_WARN_OBJC_ROOT_CLASS = YES_ERROR;
				CLANG_WARN_RANGE_LOOP_ANALYSIS = YES;
				CLANG_WARN_STRICT_PROTOTYPES = YES;
				CLANG_WARN_SUSPICIOUS_MOVE = YES;
				CLANG_WARN_UNGUARDED_AVAILABILITY = YES_AGGRESSIVE;
				CLANG_WARN_UNREACHABLE_CODE = YES;
				CLANG_WARN__DUPLICATE_METHOD_MATCH = YES;
				CODE_SIGN_IDENTITY = "iPhone Developer";
				COPY_PHASE_STRIP = NO;
				DEBUG_INFORMATION_FORMAT = "dwarf-with-dsym";
				ENABLE_NS_ASSERTIONS = NO;
				ENABLE_STRICT_OBJC_MSGSEND = YES;
				GCC_C_LANGUAGE_STANDARD = gnu11;
				GCC_NO_COMMON_BLOCKS = YES;
				GCC_PREFIX_HEADER = "$(SRCROOT)/quchuxing/Constant/Prefix.h";
				GCC_WARN_64_TO_32_BIT_CONVERSION = YES;
				GCC_WARN_ABOUT_RETURN_TYPE = YES_ERROR;
				GCC_WARN_UNDECLARED_SELECTOR = YES;
				GCC_WARN_UNINITIALIZED_AUTOS = YES_AGGRESSIVE;
				GCC_WARN_UNUSED_FUNCTION = YES;
				GCC_WARN_UNUSED_VARIABLE = YES;
				IPHONEOS_DEPLOYMENT_TARGET = 9.0;
				MTL_ENABLE_DEBUG_INFO = NO;
				SDKROOT = iphoneos;
				VALIDATE_PRODUCT = YES;
			};
			name = Release;
		};
		A99C9BA42106FF3F00C3E9CF /* Debug */ = {
			isa = XCBuildConfiguration;
			baseConfigurationReference = F3DC38ABD82AD3B0A7794AA9 /* Pods-quchuxing.debug.xcconfig */;
			buildSettings = {
				ASSETCATALOG_COMPILER_APPICON_NAME = AppIcon;
				CODE_SIGN_STYLE = Automatic;
				DEVELOPMENT_TEAM = WBB3ME55KM;
				INFOPLIST_FILE = quchuxing/Info.plist;
				IPHONEOS_DEPLOYMENT_TARGET = 9.0;
				LD_RUNPATH_SEARCH_PATHS = (
					"$(inherited)",
					"@executable_path/Frameworks",
				);
				PRODUCT_BUNDLE_IDENTIFIER = com.quchuxing.quchuxingapp;
				PRODUCT_NAME = "$(TARGET_NAME)";
				TARGETED_DEVICE_FAMILY = "1,2";
			};
			name = Debug;
		};
		A99C9BA52106FF3F00C3E9CF /* Release */ = {
			isa = XCBuildConfiguration;
			baseConfigurationReference = 8C296735412A912A2E6E897F /* Pods-quchuxing.release.xcconfig */;
			buildSettings = {
				ASSETCATALOG_COMPILER_APPICON_NAME = AppIcon;
				CODE_SIGN_STYLE = Automatic;
				DEVELOPMENT_TEAM = WBB3ME55KM;
				INFOPLIST_FILE = quchuxing/Info.plist;
				IPHONEOS_DEPLOYMENT_TARGET = 9.0;
				LD_RUNPATH_SEARCH_PATHS = (
					"$(inherited)",
					"@executable_path/Frameworks",
				);
				PRODUCT_BUNDLE_IDENTIFIER = com.quchuxing.quchuxingapp;
				PRODUCT_NAME = "$(TARGET_NAME)";
				TARGETED_DEVICE_FAMILY = "1,2";
			};
			name = Release;
		};
		A99C9BA72106FF3F00C3E9CF /* Debug */ = {
			isa = XCBuildConfiguration;
			buildSettings = {
				BUNDLE_LOADER = "$(TEST_HOST)";
				CODE_SIGN_STYLE = Automatic;
				INFOPLIST_FILE = quchuxingTests/Info.plist;
				LD_RUNPATH_SEARCH_PATHS = (
					"$(inherited)",
					"@executable_path/Frameworks",
					"@loader_path/Frameworks",
				);
				PRODUCT_BUNDLE_IDENTIFIER = com.quchuxing.quchuxingTests;
				PRODUCT_NAME = "$(TARGET_NAME)";
				TARGETED_DEVICE_FAMILY = "1,2";
				TEST_HOST = "$(BUILT_PRODUCTS_DIR)/quchuxing.app/quchuxing";
			};
			name = Debug;
		};
		A99C9BA82106FF3F00C3E9CF /* Release */ = {
			isa = XCBuildConfiguration;
			buildSettings = {
				BUNDLE_LOADER = "$(TEST_HOST)";
				CODE_SIGN_STYLE = Automatic;
				INFOPLIST_FILE = quchuxingTests/Info.plist;
				LD_RUNPATH_SEARCH_PATHS = (
					"$(inherited)",
					"@executable_path/Frameworks",
					"@loader_path/Frameworks",
				);
				PRODUCT_BUNDLE_IDENTIFIER = com.quchuxing.quchuxingTests;
				PRODUCT_NAME = "$(TARGET_NAME)";
				TARGETED_DEVICE_FAMILY = "1,2";
				TEST_HOST = "$(BUILT_PRODUCTS_DIR)/quchuxing.app/quchuxing";
			};
			name = Release;
		};
		A99C9BEF2107097700C3E9CF /* Debug */ = {
			isa = XCBuildConfiguration;
			buildSettings = {
				ASSETCATALOG_COMPILER_APPICON_NAME = AppIcon;
				CODE_SIGN_STYLE = Automatic;
				DEVELOPMENT_TEAM = WBB3ME55KM;
				INFOPLIST_FILE = quchuxing_debug/Info.plist;
				IPHONEOS_DEPLOYMENT_TARGET = 9.0;
				LD_RUNPATH_SEARCH_PATHS = (
					"$(inherited)",
					"@executable_path/Frameworks",
				);
				PRODUCT_BUNDLE_IDENTIFIER = com.quchuxing.quchuxingapp;
				PRODUCT_NAME = "$(TARGET_NAME)";
				TARGETED_DEVICE_FAMILY = "1,2";
			};
			name = Debug;
		};
		A99C9BF02107097700C3E9CF /* Release */ = {
			isa = XCBuildConfiguration;
			buildSettings = {
				ASSETCATALOG_COMPILER_APPICON_NAME = AppIcon;
				CODE_SIGN_STYLE = Automatic;
				DEVELOPMENT_TEAM = WBB3ME55KM;
				INFOPLIST_FILE = quchuxing_debug/Info.plist;
				IPHONEOS_DEPLOYMENT_TARGET = 9.0;
				LD_RUNPATH_SEARCH_PATHS = (
					"$(inherited)",
					"@executable_path/Frameworks",
				);
				PRODUCT_BUNDLE_IDENTIFIER = com.quchuxing.quchuxingapp;
				PRODUCT_NAME = "$(TARGET_NAME)";
				TARGETED_DEVICE_FAMILY = "1,2";
			};
			name = Release;
		};
		A99C9BF22107097700C3E9CF /* Debug */ = {
			isa = XCBuildConfiguration;
			buildSettings = {
				BUNDLE_LOADER = "$(TEST_HOST)";
				CODE_SIGN_STYLE = Automatic;
				INFOPLIST_FILE = quchuxing_debugTests/Info.plist;
				LD_RUNPATH_SEARCH_PATHS = (
					"$(inherited)",
					"@executable_path/Frameworks",
					"@loader_path/Frameworks",
				);
				PRODUCT_BUNDLE_IDENTIFIER = "com.quchuxing.quchuxing-debugTests";
				PRODUCT_NAME = "$(TARGET_NAME)";
				TARGETED_DEVICE_FAMILY = "1,2";
				TEST_HOST = "$(BUILT_PRODUCTS_DIR)/quchuxing_debug.app/quchuxing_debug";
			};
			name = Debug;
		};
		A99C9BF32107097700C3E9CF /* Release */ = {
			isa = XCBuildConfiguration;
			buildSettings = {
				BUNDLE_LOADER = "$(TEST_HOST)";
				CODE_SIGN_STYLE = Automatic;
				INFOPLIST_FILE = quchuxing_debugTests/Info.plist;
				LD_RUNPATH_SEARCH_PATHS = (
					"$(inherited)",
					"@executable_path/Frameworks",
					"@loader_path/Frameworks",
				);
				PRODUCT_BUNDLE_IDENTIFIER = "com.quchuxing.quchuxing-debugTests";
				PRODUCT_NAME = "$(TARGET_NAME)";
				TARGETED_DEVICE_FAMILY = "1,2";
				TEST_HOST = "$(BUILT_PRODUCTS_DIR)/quchuxing_debug.app/quchuxing_debug";
			};
			name = Release;
		};
/* End XCBuildConfiguration section */

/* Begin XCConfigurationList section */
		A99C9B7D2106FF3D00C3E9CF /* Build configuration list for PBXProject "quchuxing" */ = {
			isa = XCConfigurationList;
			buildConfigurations = (
				A99C9BA12106FF3F00C3E9CF /* Debug */,
				A99C9BA22106FF3F00C3E9CF /* Release */,
			);
			defaultConfigurationIsVisible = 0;
			defaultConfigurationName = Release;
		};
		A99C9BA32106FF3F00C3E9CF /* Build configuration list for PBXNativeTarget "quchuxing" */ = {
			isa = XCConfigurationList;
			buildConfigurations = (
				A99C9BA42106FF3F00C3E9CF /* Debug */,
				A99C9BA52106FF3F00C3E9CF /* Release */,
			);
			defaultConfigurationIsVisible = 0;
			defaultConfigurationName = Release;
		};
		A99C9BA62106FF3F00C3E9CF /* Build configuration list for PBXNativeTarget "quchuxingTests" */ = {
			isa = XCConfigurationList;
			buildConfigurations = (
				A99C9BA72106FF3F00C3E9CF /* Debug */,
				A99C9BA82106FF3F00C3E9CF /* Release */,
			);
			defaultConfigurationIsVisible = 0;
			defaultConfigurationName = Release;
		};
		A99C9BEE2107097700C3E9CF /* Build configuration list for PBXNativeTarget "quchuxing_debug" */ = {
			isa = XCConfigurationList;
			buildConfigurations = (
				A99C9BEF2107097700C3E9CF /* Debug */,
				A99C9BF02107097700C3E9CF /* Release */,
			);
			defaultConfigurationIsVisible = 0;
			defaultConfigurationName = Release;
		};
		A99C9BF12107097700C3E9CF /* Build configuration list for PBXNativeTarget "quchuxing_debugTests" */ = {
			isa = XCConfigurationList;
			buildConfigurations = (
				A99C9BF22107097700C3E9CF /* Debug */,
				A99C9BF32107097700C3E9CF /* Release */,
			);
			defaultConfigurationIsVisible = 0;
			defaultConfigurationName = Release;
		};
/* End XCConfigurationList section */
	};
	rootObject = A99C9B7A2106FF3D00C3E9CF /* Project object */;
}
